
Microsoft Visual Studio Solution File, Format Version 12.00
# Visual Studio 14
VisualStudioVersion = 14.0.25420.1
MinimumVisualStudioVersion = 10.0.40219.1
Project("{8BC9CEB8-8B4A-11D0-8D11-00A0C91BC942}") = "RubyWin", "RubyWin.vcxproj", "{03398AE0-9A56-4B08-B089-0BF5396983C1}"
EndProject
Project("{8BC9CEB8-8B4A-11D0-8D11-00A0C91BC942}") = "rubylib", "..\..\wm\rubylib\rubylib.vcxproj", "{AA77BEC0-2A60-4589-A784-7D78F60B35B6}"
EndProject
Global
	GlobalSection(SolutionConfigurationPlatforms) = preSolution
		Debug_RubyCompiler|Mixed Platforms = Debug_RubyCompiler|Mixed Platforms
		Debug_RubyCompiler|Pocket PC 2003 (ARMV4) = Debug_RubyCompiler|Pocket PC 2003 (ARMV4)
		Debug_RubyCompiler|Smartphone 2003 (ARMV4) = Debug_RubyCompiler|Smartphone 2003 (ARMV4)
		Debug_RubyCompiler|Win32 = Debug_RubyCompiler|Win32
		Debug_RubyCompiler|Windows Mobile 5.0 Pocket PC SDK (ARMV4I) = Debug_RubyCompiler|Windows Mobile 5.0 Pocket PC SDK (ARMV4I)
		Debug_RubyCompiler|Windows Mobile 5.0 Smartphone SDK (ARMV4I) = Debug_RubyCompiler|Windows Mobile 5.0 Smartphone SDK (ARMV4I)
		Debug_RubyCompiler|Windows Mobile 6 Professional SDK (ARMV4I) = Debug_RubyCompiler|Windows Mobile 6 Professional SDK (ARMV4I)
		Debug_RubyCompiler|Windows Mobile 6 Standard SDK (ARMV4I) = Debug_RubyCompiler|Windows Mobile 6 Standard SDK (ARMV4I)
		Debug|Mixed Platforms = Debug|Mixed Platforms
		Debug|Pocket PC 2003 (ARMV4) = Debug|Pocket PC 2003 (ARMV4)
		Debug|Smartphone 2003 (ARMV4) = Debug|Smartphone 2003 (ARMV4)
		Debug|Win32 = Debug|Win32
		Debug|Windows Mobile 5.0 Pocket PC SDK (ARMV4I) = Debug|Windows Mobile 5.0 Pocket PC SDK (ARMV4I)
		Debug|Windows Mobile 5.0 Smartphone SDK (ARMV4I) = Debug|Windows Mobile 5.0 Smartphone SDK (ARMV4I)
		Debug|Windows Mobile 6 Professional SDK (ARMV4I) = Debug|Windows Mobile 6 Professional SDK (ARMV4I)
		Debug|Windows Mobile 6 Standard SDK (ARMV4I) = Debug|Windows Mobile 6 Standard SDK (ARMV4I)
		Release_RubyCompiler|Mixed Platforms = Release_RubyCompiler|Mixed Platforms
		Release_RubyCompiler|Pocket PC 2003 (ARMV4) = Release_RubyCompiler|Pocket PC 2003 (ARMV4)
		Release_RubyCompiler|Smartphone 2003 (ARMV4) = Release_RubyCompiler|Smartphone 2003 (ARMV4)
		Release_RubyCompiler|Win32 = Release_RubyCompiler|Win32
		Release_RubyCompiler|Windows Mobile 5.0 Pocket PC SDK (ARMV4I) = Release_RubyCompiler|Windows Mobile 5.0 Pocket PC SDK (ARMV4I)
		Release_RubyCompiler|Windows Mobile 5.0 Smartphone SDK (ARMV4I) = Release_RubyCompiler|Windows Mobile 5.0 Smartphone SDK (ARMV4I)
		Release_RubyCompiler|Windows Mobile 6 Professional SDK (ARMV4I) = Release_RubyCompiler|Windows Mobile 6 Professional SDK (ARMV4I)
		Release_RubyCompiler|Windows Mobile 6 Standard SDK (ARMV4I) = Release_RubyCompiler|Windows Mobile 6 Standard SDK (ARMV4I)
		Release|Mixed Platforms = Release|Mixed Platforms
		Release|Pocket PC 2003 (ARMV4) = Release|Pocket PC 2003 (ARMV4)
		Release|Smartphone 2003 (ARMV4) = Release|Smartphone 2003 (ARMV4)
		Release|Win32 = Release|Win32
		Release|Windows Mobile 5.0 Pocket PC SDK (ARMV4I) = Release|Windows Mobile 5.0 Pocket PC SDK (ARMV4I)
		Release|Windows Mobile 5.0 Smartphone SDK (ARMV4I) = Release|Windows Mobile 5.0 Smartphone SDK (ARMV4I)
		Release|Windows Mobile 6 Professional SDK (ARMV4I) = Release|Windows Mobile 6 Professional SDK (ARMV4I)
		Release|Windows Mobile 6 Standard SDK (ARMV4I) = Release|Windows Mobile 6 Standard SDK (ARMV4I)
	EndGlobalSection
	GlobalSection(ProjectConfigurationPlatforms) = postSolution
		{03398AE0-9A56-4B08-B089-0BF5396983C1}.Debug_RubyCompiler|Mixed Platforms.ActiveCfg = Debug_RubyCompiler|Win32
		{03398AE0-9A56-4B08-B089-0BF5396983C1}.Debug_RubyCompiler|Mixed Platforms.Build.0 = Debug_RubyCompiler|Win32
		{03398AE0-9A56-4B08-B089-0BF5396983C1}.Debug_RubyCompiler|Pocket PC 2003 (ARMV4).ActiveCfg = Debug_RubyCompiler|Win32
		{03398AE0-9A56-4B08-B089-0BF5396983C1}.Debug_RubyCompiler|Smartphone 2003 (ARMV4).ActiveCfg = Debug_RubyCompiler|Win32
		{03398AE0-9A56-4B08-B089-0BF5396983C1}.Debug_RubyCompiler|Win32.ActiveCfg = Debug_RubyCompiler|Win32
		{03398AE0-9A56-4B08-B089-0BF5396983C1}.Debug_RubyCompiler|Win32.Build.0 = Debug_RubyCompiler|Win32
		{03398AE0-9A56-4B08-B089-0BF5396983C1}.Debug_RubyCompiler|Windows Mobile 5.0 Pocket PC SDK (ARMV4I).ActiveCfg = Debug_RubyCompiler|Win32
		{03398AE0-9A56-4B08-B089-0BF5396983C1}.Debug_RubyCompiler|Windows Mobile 5.0 Smartphone SDK (ARMV4I).ActiveCfg = Debug_RubyCompiler|Win32
		{03398AE0-9A56-4B08-B089-0BF5396983C1}.Debug_RubyCompiler|Windows Mobile 6 Professional SDK (ARMV4I).ActiveCfg = Debug_RubyCompiler|Win32
		{03398AE0-9A56-4B08-B089-0BF5396983C1}.Debug_RubyCompiler|Windows Mobile 6 Standard SDK (ARMV4I).ActiveCfg = Debug_RubyCompiler|Win32
		{03398AE0-9A56-4B08-B089-0BF5396983C1}.Debug|Mixed Platforms.ActiveCfg = Debug|Win32
		{03398AE0-9A56-4B08-B089-0BF5396983C1}.Debug|Mixed Platforms.Build.0 = Debug|Win32
		{03398AE0-9A56-4B08-B089-0BF5396983C1}.Debug|Pocket PC 2003 (ARMV4).ActiveCfg = Debug|Win32
		{03398AE0-9A56-4B08-B089-0BF5396983C1}.Debug|Smartphone 2003 (ARMV4).ActiveCfg = Debug|Win32
		{03398AE0-9A56-4B08-B089-0BF5396983C1}.Debug|Win32.ActiveCfg = Debug|Win32
		{03398AE0-9A56-4B08-B089-0BF5396983C1}.Debug|Win32.Build.0 = Debug|Win32
		{03398AE0-9A56-4B08-B089-0BF5396983C1}.Debug|Windows Mobile 5.0 Pocket PC SDK (ARMV4I).ActiveCfg = Debug|Win32
		{03398AE0-9A56-4B08-B089-0BF5396983C1}.Debug|Windows Mobile 5.0 Smartphone SDK (ARMV4I).ActiveCfg = Debug|Win32
		{03398AE0-9A56-4B08-B089-0BF5396983C1}.Debug|Windows Mobile 6 Professional SDK (ARMV4I).ActiveCfg = Debug|Win32
		{03398AE0-9A56-4B08-B089-0BF5396983C1}.Debug|Windows Mobile 6 Standard SDK (ARMV4I).ActiveCfg = Debug|Win32
		{03398AE0-9A56-4B08-B089-0BF5396983C1}.Release_RubyCompiler|Mixed Platforms.ActiveCfg = Release|Win32
		{03398AE0-9A56-4B08-B089-0BF5396983C1}.Release_RubyCompiler|Mixed Platforms.Build.0 = Release|Win32
		{03398AE0-9A56-4B08-B089-0BF5396983C1}.Release_RubyCompiler|Pocket PC 2003 (ARMV4).ActiveCfg = Release|Win32
		{03398AE0-9A56-4B08-B089-0BF5396983C1}.Release_RubyCompiler|Pocket PC 2003 (ARMV4).Build.0 = Release|Win32
		{03398AE0-9A56-4B08-B089-0BF5396983C1}.Release_RubyCompiler|Smartphone 2003 (ARMV4).ActiveCfg = Release|Win32
		{03398AE0-9A56-4B08-B089-0BF5396983C1}.Release_RubyCompiler|Smartphone 2003 (ARMV4).Build.0 = Release|Win32
		{03398AE0-9A56-4B08-B089-0BF5396983C1}.Release_RubyCompiler|Win32.ActiveCfg = Release|Win32
		{03398AE0-9A56-4B08-B089-0BF5396983C1}.Release_RubyCompiler|Win32.Build.0 = Release|Win32
		{03398AE0-9A56-4B08-B089-0BF5396983C1}.Release_RubyCompiler|Windows Mobile 5.0 Pocket PC SDK (ARMV4I).ActiveCfg = Release|Win32
		{03398AE0-9A56-4B08-B089-0BF5396983C1}.Release_RubyCompiler|Windows Mobile 5.0 Pocket PC SDK (ARMV4I).Build.0 = Release|Win32
		{03398AE0-9A56-4B08-B089-0BF5396983C1}.Release_RubyCompiler|Windows Mobile 5.0 Smartphone SDK (ARMV4I).ActiveCfg = Release|Win32
		{03398AE0-9A56-4B08-B089-0BF5396983C1}.Release_RubyCompiler|Windows Mobile 5.0 Smartphone SDK (ARMV4I).Build.0 = Release|Win32
		{03398AE0-9A56-4B08-B089-0BF5396983C1}.Release_RubyCompiler|Windows Mobile 6 Professional SDK (ARMV4I).ActiveCfg = Release|Win32
		{03398AE0-9A56-4B08-B089-0BF5396983C1}.Release_RubyCompiler|Windows Mobile 6 Professional SDK (ARMV4I).Build.0 = Release|Win32
		{03398AE0-9A56-4B08-B089-0BF5396983C1}.Release_RubyCompiler|Windows Mobile 6 Standard SDK (ARMV4I).ActiveCfg = Release|Win32
		{03398AE0-9A56-4B08-B089-0BF5396983C1}.Release_RubyCompiler|Windows Mobile 6 Standard SDK (ARMV4I).Build.0 = Release|Win32
		{03398AE0-9A56-4B08-B089-0BF5396983C1}.Release|Mixed Platforms.ActiveCfg = Release|Win32
		{03398AE0-9A56-4B08-B089-0BF5396983C1}.Release|Mixed Platforms.Build.0 = Release|Win32
		{03398AE0-9A56-4B08-B089-0BF5396983C1}.Release|Pocket PC 2003 (ARMV4).ActiveCfg = Release|Win32
		{03398AE0-9A56-4B08-B089-0BF5396983C1}.Release|Smartphone 2003 (ARMV4).ActiveCfg = Release|Win32
		{03398AE0-9A56-4B08-B089-0BF5396983C1}.Release|Win32.ActiveCfg = Release|Win32
		{03398AE0-9A56-4B08-B089-0BF5396983C1}.Release|Win32.Build.0 = Release|Win32
		{03398AE0-9A56-4B08-B089-0BF5396983C1}.Release|Windows Mobile 5.0 Pocket PC SDK (ARMV4I).ActiveCfg = Release|Win32
		{03398AE0-9A56-4B08-B089-0BF5396983C1}.Release|Windows Mobile 5.0 Smartphone SDK (ARMV4I).ActiveCfg = Release|Win32
		{03398AE0-9A56-4B08-B089-0BF5396983C1}.Release|Windows Mobile 6 Professional SDK (ARMV4I).ActiveCfg = Release|Win32
		{03398AE0-9A56-4B08-B089-0BF5396983C1}.Release|Windows Mobile 6 Standard SDK (ARMV4I).ActiveCfg = Release|Win32
		{AA77BEC0-2A60-4589-A784-7D78F60B35B6}.Debug_RubyCompiler|Mixed Platforms.ActiveCfg = Debug_RubyCompiler|Win32
		{AA77BEC0-2A60-4589-A784-7D78F60B35B6}.Debug_RubyCompiler|Mixed Platforms.Build.0 = Debug_RubyCompiler|Win32
		{AA77BEC0-2A60-4589-A784-7D78F60B35B6}.Debug_RubyCompiler|Pocket PC 2003 (ARMV4).ActiveCfg = Debug_RubyCompiler|Win32
		{AA77BEC0-2A60-4589-A784-7D78F60B35B6}.Debug_RubyCompiler|Smartphone 2003 (ARMV4).ActiveCfg = Debug_RubyCompiler|Win32
		{AA77BEC0-2A60-4589-A784-7D78F60B35B6}.Debug_RubyCompiler|Win32.ActiveCfg = Debug_RubyCompiler|Win32
		{AA77BEC0-2A60-4589-A784-7D78F60B35B6}.Debug_RubyCompiler|Win32.Build.0 = Debug_RubyCompiler|Win32
		{AA77BEC0-2A60-4589-A784-7D78F60B35B6}.Debug_RubyCompiler|Windows Mobile 5.0 Pocket PC SDK (ARMV4I).ActiveCfg = Debug_RubyCompiler|Win32
		{AA77BEC0-2A60-4589-A784-7D78F60B35B6}.Debug_RubyCompiler|Windows Mobile 5.0 Smartphone SDK (ARMV4I).ActiveCfg = Debug_RubyCompiler|Win32
		{AA77BEC0-2A60-4589-A784-7D78F60B35B6}.Debug_RubyCompiler|Windows Mobile 6 Professional SDK (ARMV4I).ActiveCfg = Debug_RubyCompiler|Win32
		{AA77BEC0-2A60-4589-A784-7D78F60B35B6}.Debug_RubyCompiler|Windows Mobile 6 Standard SDK (ARMV4I).ActiveCfg = Debug_RubyCompiler|Win32
		{AA77BEC0-2A60-4589-A784-7D78F60B35B6}.Debug|Mixed Platforms.ActiveCfg = Debug|Win32
		{AA77BEC0-2A60-4589-A784-7D78F60B35B6}.Debug|Mixed Platforms.Build.0 = Debug|Win32
		{AA77BEC0-2A60-4589-A784-7D78F60B35B6}.Debug|Pocket PC 2003 (ARMV4).ActiveCfg = Debug|Win32
		{AA77BEC0-2A60-4589-A784-7D78F60B35B6}.Debug|Smartphone 2003 (ARMV4).ActiveCfg = Debug|Win32
		{AA77BEC0-2A60-4589-A784-7D78F60B35B6}.Debug|Win32.ActiveCfg = Debug|Win32
		{AA77BEC0-2A60-4589-A784-7D78F60B35B6}.Debug|Win32.Build.0 = Debug|Win32
		{AA77BEC0-2A60-4589-A784-7D78F60B35B6}.Debug|Windows Mobile 5.0 Pocket PC SDK (ARMV4I).ActiveCfg = Debug|Win32
		{AA77BEC0-2A60-4589-A784-7D78F60B35B6}.Debug|Windows Mobile 5.0 Smartphone SDK (ARMV4I).ActiveCfg = Debug|Win32
		{AA77BEC0-2A60-4589-A784-7D78F60B35B6}.Debug|Windows Mobile 6 Professional SDK (ARMV4I).ActiveCfg = Debug|Win32
		{AA77BEC0-2A60-4589-A784-7D78F60B35B6}.Debug|Windows Mobile 6 Standard SDK (ARMV4I).ActiveCfg = Debug|Win32
		{AA77BEC0-2A60-4589-A784-7D78F60B35B6}.Release_RubyCompiler|Mixed Platforms.ActiveCfg = Release_RubyCompiler|Win32
		{AA77BEC0-2A60-4589-A784-7D78F60B35B6}.Release_RubyCompiler|Mixed Platforms.Build.0 = Release_RubyCompiler|Win32
		{AA77BEC0-2A60-4589-A784-7D78F60B35B6}.Release_RubyCompiler|Pocket PC 2003 (ARMV4).ActiveCfg = Release_RubyCompiler|Win32
		{AA77BEC0-2A60-4589-A784-7D78F60B35B6}.Release_RubyCompiler|Smartphone 2003 (ARMV4).ActiveCfg = Release_RubyCompiler|Win32
		{AA77BEC0-2A60-4589-A784-7D78F60B35B6}.Release_RubyCompiler|Win32.ActiveCfg = Release_RubyCompiler|Win32
		{AA77BEC0-2A60-4589-A784-7D78F60B35B6}.Release_RubyCompiler|Win32.Build.0 = Release_RubyCompiler|Win32
		{AA77BEC0-2A60-4589-A784-7D78F60B35B6}.Release_RubyCompiler|Windows Mobile 5.0 Pocket PC SDK (ARMV4I).ActiveCfg = Release_RubyCompiler|Win32
		{AA77BEC0-2A60-4589-A784-7D78F60B35B6}.Release_RubyCompiler|Windows Mobile 5.0 Smartphone SDK (ARMV4I).ActiveCfg = Release_RubyCompiler|Win32
		{AA77BEC0-2A60-4589-A784-7D78F60B35B6}.Release_RubyCompiler|Windows Mobile 6 Professional SDK (ARMV4I).ActiveCfg = Release_RubyCompiler|Win32
		{AA77BEC0-2A60-4589-A784-7D78F60B35B6}.Release_RubyCompiler|Windows Mobile 6 Standard SDK (ARMV4I).ActiveCfg = Release_RubyCompiler|Win32
		{AA77BEC0-2A60-4589-A784-7D78F60B35B6}.Release|Mixed Platforms.ActiveCfg = Release|Win32
		{AA77BEC0-2A60-4589-A784-7D78F60B35B6}.Release|Mixed Platforms.Build.0 = Release|Win32
		{AA77BEC0-2A60-4589-A784-7D78F60B35B6}.Release|Pocket PC 2003 (ARMV4).ActiveCfg = Release|Win32
		{AA77BEC0-2A60-4589-A784-7D78F60B35B6}.Release|Smartphone 2003 (ARMV4).ActiveCfg = Release|Win32
		{AA77BEC0-2A60-4589-A784-7D78F60B35B6}.Release|Win32.ActiveCfg = Release|Win32
		{AA77BEC0-2A60-4589-A784-7D78F60B35B6}.Release|Win32.Build.0 = Release|Win32
		{AA77BEC0-2A60-4589-A784-7D78F60B35B6}.Release|Windows Mobile 5.0 Pocket PC SDK (ARMV4I).ActiveCfg = Release|Win32
		{AA77BEC0-2A60-4589-A784-7D78F60B35B6}.Release|Windows Mobile 5.0 Smartphone SDK (ARMV4I).ActiveCfg = Release|Win32
		{AA77BEC0-2A60-4589-A784-7D78F60B35B6}.Release|Windows Mobile 6 Professional SDK (ARMV4I).ActiveCfg = Release|Win32
		{AA77BEC0-2A60-4589-A784-7D78F60B35B6}.Release|Windows Mobile 6 Standard SDK (ARMV4I).ActiveCfg = Release|Win32
	EndGlobalSection
	GlobalSection(SolutionProperties) = preSolution
		HideSolutionNode = FALSE
	EndGlobalSection
EndGlobal
