<?xml version="1.0" encoding="utf-8"?>
<Project ToolsVersion="4.0" xmlns="http://schemas.microsoft.com/developer/msbuild/2003">
  <ItemGroup>
    <Filter Include="Resource Files">
      <UniqueIdentifier>{67DA6AB6-F800-4c08-8B7A-83BB121AAD01}</UniqueIdentifier>
      <Extensions>rc;ico;cur;bmp;dlg;rc2;rct;bin;rgs;gif;jpg;jpeg;jpe;resx;tiff;tif;png;wav;mfcribbon-ms</Extensions>
    </Filter>
    <Filter Include="ext">
      <UniqueIdentifier>{f934d85e-efed-419e-9766-e6fdc7dcff6f}</UniqueIdentifier>
    </Filter>
    <Filter Include="enc">
      <UniqueIdentifier>{32dd8757-be1d-40ed-82a0-0ac3af55638c}</UniqueIdentifier>
    </Filter>
    <Filter Include="generated">
      <UniqueIdentifier>{3c68aa67-8a17-432a-8622-e14d71ea27cd}</UniqueIdentifier>
    </Filter>
    <Filter Include="missing">
      <UniqueIdentifier>{c9e54149-eb9e-4b1c-b9c9-0f64aa8fba88}</UniqueIdentifier>
    </Filter>
    <Filter Include="win32">
      <UniqueIdentifier>{4968da22-df0d-4aac-b386-4d28c2a97826}</UniqueIdentifier>
    </Filter>
    <Filter Include="win32\ruby">
      <UniqueIdentifier>{812e72d1-c995-4087-8f56-9f48defe77eb}</UniqueIdentifier>
    </Filter>
    <Filter Include="wp8">
      <UniqueIdentifier>{b988a266-d101-4eae-afe4-ac7e0bb6a3cd}</UniqueIdentifier>
    </Filter>
    <Filter Include="wp8\sys">
      <UniqueIdentifier>{b79e7b9e-53d7-44c2-ae85-366096a8eebb}</UniqueIdentifier>
    </Filter>
    <Filter Include="ext\rho">
      <UniqueIdentifier>{44597372-8b82-43e8-ac5c-405b711b8c0a}</UniqueIdentifier>
    </Filter>
    <Filter Include="ext\sqlite3">
      <UniqueIdentifier>{17374a1c-cbb3-4139-987f-150c24faec79}</UniqueIdentifier>
    </Filter>
    <Filter Include="ext\rhoconf">
      <UniqueIdentifier>{25f8b020-5691-410e-9583-8d034bb27bf0}</UniqueIdentifier>
    </Filter>
    <Filter Include="ext\webview">
      <UniqueIdentifier>{0cb30fff-257e-41af-acd0-57f059c48f3d}</UniqueIdentifier>
    </Filter>
    <Filter Include="ext\geo">
      <UniqueIdentifier>{47f9b28c-4ac4-4a9f-80da-f1c362458421}</UniqueIdentifier>
    </Filter>
    <Filter Include="wp8\win32">
      <UniqueIdentifier>{b267f9aa-d6c9-4fa7-8510-9e6d211ae46d}</UniqueIdentifier>
    </Filter>
  </ItemGroup>
  <ItemGroup>
    <ClInclude Include="..\..\shared\ruby\debug.h" />
    <ClInclude Include="..\..\shared\ruby\dln.h" />
    <ClInclude Include="..\..\shared\ruby\eval_intern.h" />
    <ClInclude Include="..\..\shared\ruby\gc.h" />
    <ClInclude Include="..\..\shared\ruby\id.h" />
    <ClInclude Include="..\..\shared\ruby\iseq.h" />
    <ClInclude Include="..\..\shared\ruby\node.h" />
    <ClInclude Include="..\..\shared\ruby\regenc.h" />
    <ClInclude Include="..\..\shared\ruby\regint.h" />
    <ClInclude Include="..\..\shared\ruby\regparse.h" />
    <ClInclude Include="..\..\shared\ruby\revision.h" />
    <ClInclude Include="..\..\shared\ruby\timev.h" />
    <ClInclude Include="..\..\shared\ruby\transcode_data.h" />
    <ClInclude Include="..\..\shared\ruby\transdb.h" />
    <ClInclude Include="..\..\shared\ruby\version.h" />
    <ClInclude Include="..\..\shared\ruby\vm_core.h" />
    <ClInclude Include="..\..\shared\ruby\vm_opts.h" />
    <ClInclude Include="..\..\shared\ruby\win32\dir.h">
      <Filter>win32</Filter>
    </ClInclude>
    <ClInclude Include="..\..\shared\ruby\win32\ruby\config.h">
      <Filter>win32\ruby</Filter>
    </ClInclude>
    <ClInclude Include="..\..\shared\ruby\wp8\assert.h">
      <Filter>wp8</Filter>
    </ClInclude>
    <ClInclude Include="..\..\shared\ruby\wp8\errno.h">
      <Filter>wp8</Filter>
    </ClInclude>
    <ClInclude Include="..\..\shared\ruby\wp8\fcntl.h">
      <Filter>wp8</Filter>
    </ClInclude>
    <ClInclude Include="..\..\shared\ruby\wp8\io.h">
      <Filter>wp8</Filter>
    </ClInclude>
    <ClInclude Include="..\..\shared\ruby\wp8\process.h">
      <Filter>wp8</Filter>
    </ClInclude>
    <ClInclude Include="..\..\shared\ruby\wp8\signal.h">
      <Filter>wp8</Filter>
    </ClInclude>
    <ClInclude Include="..\..\shared\ruby\wp8\varargs.h">
      <Filter>wp8</Filter>
    </ClInclude>
    <ClInclude Include="..\..\shared\ruby\wp8\wincon.h">
      <Filter>wp8</Filter>
    </ClInclude>
    <ClInclude Include="..\..\shared\ruby\wp8\wp8.h">
      <Filter>wp8</Filter>
    </ClInclude>
    <ClInclude Include="..\..\shared\ruby\wp8\sys\stat.h">
      <Filter>wp8\sys</Filter>
    </ClInclude>
    <ClInclude Include="..\..\shared\ruby\wp8\sys\timeb.h">
      <Filter>wp8\sys</Filter>
    </ClInclude>
    <ClInclude Include="..\..\shared\ruby\wp8\sys\types.h">
      <Filter>wp8\sys</Filter>
    </ClInclude>
    <ClInclude Include="..\..\shared\ruby\wp8\sys\utime.h">
      <Filter>wp8\sys</Filter>
    </ClInclude>
    <ClInclude Include="..\..\shared\ruby\ext\rho\rhoruby.h">
      <Filter>ext\rho</Filter>
    </ClInclude>
    <ClInclude Include="..\..\shared\ruby\wp8\winsock_wp8.h">
      <Filter>wp8</Filter>
    </ClInclude>
  </ItemGroup>
  <ItemGroup>
    <ClCompile Include="..\..\shared\ruby\array.c" />
    <ClCompile Include="..\..\shared\ruby\bignum.c" />
    <ClCompile Include="..\..\shared\ruby\class.c" />
    <ClCompile Include="..\..\shared\ruby\compar.c" />
    <ClCompile Include="..\..\shared\ruby\compile.c" />
    <ClCompile Include="..\..\shared\ruby\complex.c" />
    <ClCompile Include="..\..\shared\ruby\cont.c" />
    <ClCompile Include="..\..\shared\ruby\debug.c" />
    <ClCompile Include="..\..\shared\ruby\dln.c" />
    <ClCompile Include="..\..\shared\ruby\dln_find.c" />
    <ClCompile Include="..\..\shared\ruby\dmydln.c" />
    <ClCompile Include="..\..\shared\ruby\dmyencoding.c" />
    <ClCompile Include="..\..\shared\ruby\dmyext.c" />
    <ClCompile Include="..\..\shared\ruby\encoding.c" />
    <ClCompile Include="..\..\shared\ruby\enum.c" />
    <ClCompile Include="..\..\shared\ruby\enumerator.c" />
    <ClCompile Include="..\..\shared\ruby\error.c" />
    <ClCompile Include="..\..\shared\ruby\eval.c" />
    <ClCompile Include="..\..\shared\ruby\eval_jump.c" />
    <ClCompile Include="..\..\shared\ruby\gc.c" />
    <ClCompile Include="..\..\shared\ruby\hash.c" />
    <ClCompile Include="..\..\shared\ruby\inits.c" />
    <ClCompile Include="..\..\shared\ruby\io.c" />
    <ClCompile Include="..\..\shared\ruby\iseq.c" />
    <ClCompile Include="..\..\shared\ruby\load.c" />
    <ClCompile Include="..\..\shared\ruby\marshal.c" />
    <ClCompile Include="..\..\shared\ruby\math.c" />
    <ClCompile Include="..\..\shared\ruby\node.c" />
    <ClCompile Include="..\..\shared\ruby\numeric.c" />
    <ClCompile Include="..\..\shared\ruby\object.c" />
    <ClCompile Include="..\..\shared\ruby\pack.c" />
    <ClCompile Include="..\..\shared\ruby\proc.c" />
    <ClCompile Include="..\..\shared\ruby\process.c" />
    <ClCompile Include="..\..\shared\ruby\range.c" />
    <ClCompile Include="..\..\shared\ruby\rational.c" />
    <ClCompile Include="..\..\shared\ruby\re.c" />
    <ClCompile Include="..\..\shared\ruby\regcomp.c" />
    <ClCompile Include="..\..\shared\ruby\regenc.c" />
    <ClCompile Include="..\..\shared\ruby\regerror.c" />
    <ClCompile Include="..\..\shared\ruby\regexec.c" />
    <ClCompile Include="..\..\shared\ruby\regparse.c" />
    <ClCompile Include="..\..\shared\ruby\regsyntax.c" />
    <ClCompile Include="..\..\shared\ruby\ruby.c" />
    <ClCompile Include="..\..\shared\ruby\safe.c" />
    <ClCompile Include="..\..\shared\ruby\signal.c" />
    <ClCompile Include="..\..\shared\ruby\sprintf.c" />
    <ClCompile Include="..\..\shared\ruby\st.c" />
    <ClCompile Include="..\..\shared\ruby\strftime.c" />
    <ClCompile Include="..\..\shared\ruby\string.c" />
    <ClCompile Include="..\..\shared\ruby\struct.c" />
    <ClCompile Include="..\..\shared\ruby\thread.c" />
    <ClCompile Include="..\..\shared\ruby\time.c" />
    <ClCompile Include="..\..\shared\ruby\transcode.c" />
    <ClCompile Include="..\..\shared\ruby\util.c" />
    <ClCompile Include="..\..\shared\ruby\variable.c" />
    <ClCompile Include="..\..\shared\ruby\version.c" />
    <ClCompile Include="..\..\shared\ruby\vm.c" />
    <ClCompile Include="..\..\shared\ruby\vm_dump.c" />
    <ClCompile Include="..\..\shared\ruby\enc\ascii.c">
      <Filter>enc</Filter>
    </ClCompile>
    <ClCompile Include="..\..\shared\ruby\enc\encdb.c">
      <Filter>enc</Filter>
    </ClCompile>
    <ClCompile Include="..\..\shared\ruby\enc\iso_8859_1.c">
      <Filter>enc</Filter>
    </ClCompile>
    <ClCompile Include="..\..\shared\ruby\enc\iso_8859_9.c">
      <Filter>enc</Filter>
    </ClCompile>
    <ClCompile Include="..\..\shared\ruby\enc\unicode.c">
      <Filter>enc</Filter>
    </ClCompile>
    <ClCompile Include="..\..\shared\ruby\enc\us_ascii.c">
      <Filter>enc</Filter>
    </ClCompile>
    <ClCompile Include="..\..\shared\ruby\enc\utf_8.c">
      <Filter>enc</Filter>
    </ClCompile>
    <ClCompile Include="..\..\shared\ruby\generated\parse.c">
      <Filter>generated</Filter>
    </ClCompile>
    <ClCompile Include="..\..\shared\ruby\missing\acosh.c">
      <Filter>missing</Filter>
    </ClCompile>
    <ClCompile Include="..\..\shared\ruby\missing\cbrt.c">
      <Filter>missing</Filter>
    </ClCompile>
    <ClCompile Include="..\..\shared\ruby\missing\crypt.c">
      <Filter>missing</Filter>
    </ClCompile>
    <ClCompile Include="..\..\shared\ruby\missing\dup2.c">
      <Filter>missing</Filter>
    </ClCompile>
    <ClCompile Include="..\..\shared\ruby\missing\erf.c">
      <Filter>missing</Filter>
    </ClCompile>
    <ClCompile Include="..\..\shared\ruby\missing\hypot.c">
      <Filter>missing</Filter>
    </ClCompile>
    <ClCompile Include="..\..\shared\ruby\missing\lgamma_r.c">
      <Filter>missing</Filter>
    </ClCompile>
    <ClCompile Include="..\..\shared\ruby\missing\strlcat.c">
      <Filter>missing</Filter>
    </ClCompile>
    <ClCompile Include="..\..\shared\ruby\missing\strlcpy.c">
      <Filter>missing</Filter>
    </ClCompile>
    <ClCompile Include="..\..\shared\ruby\missing\tgamma.c">
      <Filter>missing</Filter>
    </ClCompile>
    <ClCompile Include="..\..\shared\ruby\win32\miniprelude.c">
      <Filter>win32</Filter>
    </ClCompile>
    <ClCompile Include="..\..\shared\ruby\win32\newline.c">
      <Filter>win32</Filter>
    </ClCompile>
    <ClCompile Include="..\..\shared\ruby\wp8\assert.c">
      <Filter>wp8</Filter>
    </ClCompile>
    <ClCompile Include="..\..\shared\ruby\wp8\errno.c">
      <Filter>wp8</Filter>
    </ClCompile>
    <ClCompile Include="..\..\shared\ruby\wp8\signal_wp8.c">
      <Filter>wp8</Filter>
    </ClCompile>
    <ClCompile Include="..\..\shared\ruby\wp8\stdio.c">
      <Filter>wp8</Filter>
    </ClCompile>
    <ClCompile Include="..\..\shared\ruby\wp8\stdlib.c">
      <Filter>wp8</Filter>
    </ClCompile>
    <ClCompile Include="..\..\shared\ruby\wp8\wp8.c">
      <Filter>wp8</Filter>
    </ClCompile>
    <ClCompile Include="..\..\shared\ruby\wp8\wp8main.c">
      <Filter>wp8</Filter>
    </ClCompile>
    <ClCompile Include="..\..\shared\ruby\wp8\sys\stat.c">
      <Filter>wp8\sys</Filter>
    </ClCompile>
    <ClCompile Include="..\..\shared\ruby\wp8\sys\timeb.c">
      <Filter>wp8\sys</Filter>
    </ClCompile>
    <ClCompile Include="..\..\shared\ruby\wp8\sys\utime.c">
      <Filter>wp8\sys</Filter>
    </ClCompile>
    <ClCompile Include="..\..\shared\ruby\ext\rhoconf\rhoconf_wrap.c">
      <Filter>ext\rhoconf</Filter>
    </ClCompile>
    <ClCompile Include="..\..\shared\ruby\ext\sqlite3_api\sqlite3_api_wrap.c">
      <Filter>ext\sqlite3</Filter>
    </ClCompile>
    <ClCompile Include="..\..\shared\ruby\ext\rho\extensions.c">
      <Filter>ext\rho</Filter>
    </ClCompile>
    <ClCompile Include="..\..\shared\ruby\ext\rho\rhoruby.c">
      <Filter>ext\rho</Filter>
    </ClCompile>
    <ClCompile Include="..\..\shared\ruby\ext\rho\rhosupport.c">
      <Filter>ext\rho</Filter>
    </ClCompile>
    <ClCompile Include="..\..\shared\ruby\random.c" />
    <ClCompile Include="..\..\shared\ruby\ext\webview\webview_wrap.c">
      <Filter>ext\webview</Filter>
    </ClCompile>
    <ClCompile Include="..\..\shared\ruby\ext\geolocation\geolocation_wrap.c">
      <Filter>ext\geo</Filter>
    </ClCompile>
    <ClCompile Include="file.c" />
    <ClCompile Include="..\..\shared\ruby\wp8\win32\win32.c">
      <Filter>wp8\win32</Filter>
    </ClCompile>
    <ClCompile Include="..\..\shared\ruby\dir.c" />
    <ClCompile Include="..\..\shared\ruby\wp8\winsock_wp8.c">
      <Filter>wp8</Filter>
    </ClCompile>
    <ClCompile Include="..\..\shared\ruby\wp8\time_wp8.c">
      <Filter>wp8</Filter>
    </ClCompile>
    <ClCompile Include="..\..\shared\ruby\missing\langinfo.c">
      <Filter>missing</Filter>
    </ClCompile>
  </ItemGroup>
</Project>