<?xml version="1.0" encoding="utf-8"?>
<Project ToolsVersion="4.0" xmlns="http://schemas.microsoft.com/developer/msbuild/2003">
  <ItemGroup>
    <Filter Include="Resource Files">
      <UniqueIdentifier>{67DA6AB6-F800-4c08-8B7A-83BB121AAD01}</UniqueIdentifier>
      <Extensions>rc;ico;cur;bmp;dlg;rc2;rct;bin;rgs;gif;jpg;jpeg;jpe;resx;tiff;tif;png;wav;mfcribbon-ms</Extensions>
    </Filter>
    <Filter Include="ext">
      <UniqueIdentifier>{f934d85e-efed-419e-9766-e6fdc7dcff6f}</UniqueIdentifier>
    </Filter>
    <Filter Include="enc">
      <UniqueIdentifier>{32dd8757-be1d-40ed-82a0-0ac3af55638c}</UniqueIdentifier>
    </Filter>
    <Filter Include="generated">
      <UniqueIdentifier>{3c68aa67-8a17-432a-8622-e14d71ea27cd}</UniqueIdentifier>
    </Filter>
    <Filter Include="missing">
      <UniqueIdentifier>{c9e54149-eb9e-4b1c-b9c9-0f64aa8fba88}</UniqueIdentifier>
    </Filter>
    <Filter Include="win32">
      <UniqueIdentifier>{4968da22-df0d-4aac-b386-4d28c2a97826}</UniqueIdentifier>
    </Filter>
    <Filter Include="win32\ruby">
      <UniqueIdentifier>{812e72d1-c995-4087-8f56-9f48defe77eb}</UniqueIdentifier>
    </Filter>
    <Filter Include="wp8">
      <UniqueIdentifier>{b988a266-d101-4eae-afe4-ac7e0bb6a3cd}</UniqueIdentifier>
    </Filter>
    <Filter Include="wp8\sys">
      <UniqueIdentifier>{b79e7b9e-53d7-44c2-ae85-366096a8eebb}</UniqueIdentifier>
    </Filter>
    <Filter Include="ext\rho">
      <UniqueIdentifier>{44597372-8b82-43e8-ac5c-405b711b8c0a}</UniqueIdentifier>
    </Filter>
    <Filter Include="ext\rhoconf">
      <UniqueIdentifier>{25f8b020-5691-410e-9583-8d034bb27bf0}</UniqueIdentifier>
    </Filter>
    <Filter Include="ext\webview">
      <UniqueIdentifier>{0cb30fff-257e-41af-acd0-57f059c48f3d}</UniqueIdentifier>
    </Filter>
    <Filter Include="ext\geo">
      <UniqueIdentifier>{47f9b28c-4ac4-4a9f-80da-f1c362458421}</UniqueIdentifier>
    </Filter>
    <Filter Include="wp8\win32">
      <UniqueIdentifier>{b267f9aa-d6c9-4fa7-8510-9e6d211ae46d}</UniqueIdentifier>
    </Filter>
    <Filter Include="wp8\ruby">
      <UniqueIdentifier>{ab00ba15-db64-4ceb-a15a-4bcd6e3f8522}</UniqueIdentifier>
    </Filter>
    <Filter Include="ext\strscan">
      <UniqueIdentifier>{1522802b-31a3-4958-b421-d703a1a6df98}</UniqueIdentifier>
    </Filter>
    <Filter Include="ext\syncengine">
      <UniqueIdentifier>{d87dcf91-c9af-4861-a1c2-229fc7817546}</UniqueIdentifier>
    </Filter>
    <Filter Include="ext\stringio">
      <UniqueIdentifier>{5101662d-c68f-48cd-8ef9-f0c4f00038b7}</UniqueIdentifier>
    </Filter>
    <Filter Include="ext\sockets">
      <UniqueIdentifier>{dd2081be-3580-4a5d-8b5d-788462bbb626}</UniqueIdentifier>
    </Filter>
    <Filter Include="ext\system">
      <UniqueIdentifier>{e669e62d-e1ab-4e59-9121-7346cf2b506d}</UniqueIdentifier>
    </Filter>
    <Filter Include="ext\navbar">
      <UniqueIdentifier>{f9f6ea52-f6f3-4da9-acbb-c48443f05c01}</UniqueIdentifier>
    </Filter>
    <Filter Include="ext\alert">
      <UniqueIdentifier>{0ba48dc6-d823-44ea-ae87-ac68303af22a}</UniqueIdentifier>
    </Filter>
  </ItemGroup>
  <ItemGroup>
    <ClInclude Include="..\..\shared\ruby\debug.h" />
    <ClInclude Include="..\..\shared\ruby\dln.h" />
    <ClInclude Include="..\..\shared\ruby\eval_intern.h" />
    <ClInclude Include="..\..\shared\ruby\gc.h" />
    <ClInclude Include="..\..\shared\ruby\id.h" />
    <ClInclude Include="..\..\shared\ruby\iseq.h" />
    <ClInclude Include="..\..\shared\ruby\node.h" />
    <ClInclude Include="..\..\shared\ruby\regenc.h" />
    <ClInclude Include="..\..\shared\ruby\regint.h" />
    <ClInclude Include="..\..\shared\ruby\regparse.h" />
    <ClInclude Include="..\..\shared\ruby\revision.h" />
    <ClInclude Include="..\..\shared\ruby\timev.h" />
    <ClInclude Include="..\..\shared\ruby\transcode_data.h" />
    <ClInclude Include="..\..\shared\ruby\transdb.h" />
    <ClInclude Include="..\..\shared\ruby\version.h" />
    <ClInclude Include="..\..\shared\ruby\vm_core.h" />
    <ClInclude Include="..\..\shared\ruby\vm_opts.h" />
    <ClInclude Include="..\..\shared\ruby\win32\dir.h">
      <Filter>win32</Filter>
    </ClInclude>
    <ClInclude Include="..\..\shared\ruby\win32\ruby\config.h">
      <Filter>win32\ruby</Filter>
    </ClInclude>
    <ClInclude Include="..\..\shared\ruby\ext\rho\rhoruby.h">
      <Filter>ext\rho</Filter>
    </ClInclude>
    <ClInclude Include="..\..\shared\ruby\wp8\ruby\config.h">
      <Filter>wp8\ruby</Filter>
    </ClInclude>
    <ClInclude Include="..\..\shared\ruby\wp8\wp8.h">
      <Filter>wp8</Filter>
    </ClInclude>
  </ItemGroup>
  <ItemGroup>
    <ClCompile Include="..\..\shared\ruby\array.c" />
    <ClCompile Include="..\..\shared\ruby\bignum.c" />
    <ClCompile Include="..\..\shared\ruby\class.c" />
    <ClCompile Include="..\..\shared\ruby\compar.c" />
    <ClCompile Include="..\..\shared\ruby\compile.c" />
    <ClCompile Include="..\..\shared\ruby\complex.c" />
    <ClCompile Include="..\..\shared\ruby\cont.c" />
    <ClCompile Include="..\..\shared\ruby\debug.c" />
    <ClCompile Include="..\..\shared\ruby\dln.c" />
    <ClCompile Include="..\..\shared\ruby\dln_find.c" />
    <ClCompile Include="..\..\shared\ruby\dmyencoding.c" />
    <ClCompile Include="..\..\shared\ruby\dmyext.c" />
    <ClCompile Include="..\..\shared\ruby\enum.c" />
    <ClCompile Include="..\..\shared\ruby\enumerator.c" />
    <ClCompile Include="..\..\shared\ruby\error.c" />
    <ClCompile Include="..\..\shared\ruby\eval.c" />
    <ClCompile Include="..\..\shared\ruby\gc.c" />
    <ClCompile Include="..\..\shared\ruby\hash.c" />
    <ClCompile Include="..\..\shared\ruby\inits.c" />
    <ClCompile Include="..\..\shared\ruby\io.c" />
    <ClCompile Include="..\..\shared\ruby\iseq.c" />
    <ClCompile Include="..\..\shared\ruby\load.c" />
    <ClCompile Include="..\..\shared\ruby\marshal.c" />
    <ClCompile Include="..\..\shared\ruby\math.c" />
    <ClCompile Include="..\..\shared\ruby\node.c" />
    <ClCompile Include="..\..\shared\ruby\numeric.c" />
    <ClCompile Include="..\..\shared\ruby\object.c" />
    <ClCompile Include="..\..\shared\ruby\pack.c" />
    <ClCompile Include="..\..\shared\ruby\proc.c" />
    <ClCompile Include="..\..\shared\ruby\process.c" />
    <ClCompile Include="..\..\shared\ruby\range.c" />
    <ClCompile Include="..\..\shared\ruby\rational.c" />
    <ClCompile Include="..\..\shared\ruby\re.c" />
    <ClCompile Include="..\..\shared\ruby\regcomp.c" />
    <ClCompile Include="..\..\shared\ruby\regenc.c" />
    <ClCompile Include="..\..\shared\ruby\regerror.c" />
    <ClCompile Include="..\..\shared\ruby\regexec.c" />
    <ClCompile Include="..\..\shared\ruby\regparse.c" />
    <ClCompile Include="..\..\shared\ruby\regsyntax.c" />
    <ClCompile Include="..\..\shared\ruby\ruby.c" />
    <ClCompile Include="..\..\shared\ruby\safe.c" />
    <ClCompile Include="..\..\shared\ruby\signal.c" />
    <ClCompile Include="..\..\shared\ruby\sprintf.c" />
    <ClCompile Include="..\..\shared\ruby\st.c" />
    <ClCompile Include="..\..\shared\ruby\strftime.c" />
    <ClCompile Include="..\..\shared\ruby\string.c" />
    <ClCompile Include="..\..\shared\ruby\struct.c" />
    <ClCompile Include="..\..\shared\ruby\thread.c" />
    <ClCompile Include="..\..\shared\ruby\time.c" />
    <ClCompile Include="..\..\shared\ruby\transcode.c" />
    <ClCompile Include="..\..\shared\ruby\util.c" />
    <ClCompile Include="..\..\shared\ruby\variable.c" />
    <ClCompile Include="..\..\shared\ruby\version.c" />
    <ClCompile Include="..\..\shared\ruby\vm.c" />
    <ClCompile Include="..\..\shared\ruby\vm_dump.c" />
    <ClCompile Include="..\..\shared\ruby\enc\ascii.c">
      <Filter>enc</Filter>
    </ClCompile>
    <ClCompile Include="..\..\shared\ruby\enc\encdb.c">
      <Filter>enc</Filter>
    </ClCompile>
    <ClCompile Include="..\..\shared\ruby\enc\iso_8859_1.c">
      <Filter>enc</Filter>
    </ClCompile>
    <ClCompile Include="..\..\shared\ruby\enc\iso_8859_9.c">
      <Filter>enc</Filter>
    </ClCompile>
    <ClCompile Include="..\..\shared\ruby\enc\unicode.c">
      <Filter>enc</Filter>
    </ClCompile>
    <ClCompile Include="..\..\shared\ruby\enc\us_ascii.c">
      <Filter>enc</Filter>
    </ClCompile>
    <ClCompile Include="..\..\shared\ruby\enc\utf_8.c">
      <Filter>enc</Filter>
    </ClCompile>
    <ClCompile Include="..\..\shared\ruby\generated\parse.c">
      <Filter>generated</Filter>
    </ClCompile>
    <ClCompile Include="..\..\shared\ruby\missing\acosh.c">
      <Filter>missing</Filter>
    </ClCompile>
    <ClCompile Include="..\..\shared\ruby\missing\cbrt.c">
      <Filter>missing</Filter>
    </ClCompile>
    <ClCompile Include="..\..\shared\ruby\missing\crypt.c">
      <Filter>missing</Filter>
    </ClCompile>
    <ClCompile Include="..\..\shared\ruby\missing\erf.c">
      <Filter>missing</Filter>
    </ClCompile>
    <ClCompile Include="..\..\shared\ruby\missing\lgamma_r.c">
      <Filter>missing</Filter>
    </ClCompile>
    <ClCompile Include="..\..\shared\ruby\missing\strlcat.c">
      <Filter>missing</Filter>
    </ClCompile>
    <ClCompile Include="..\..\shared\ruby\missing\strlcpy.c">
      <Filter>missing</Filter>
    </ClCompile>
    <ClCompile Include="..\..\shared\ruby\missing\tgamma.c">
      <Filter>missing</Filter>
    </ClCompile>
    <ClCompile Include="..\..\shared\ruby\win32\miniprelude.c">
      <Filter>win32</Filter>
    </ClCompile>
    <ClCompile Include="..\..\shared\ruby\win32\newline.c">
      <Filter>win32</Filter>
    </ClCompile>
    <ClCompile Include="..\..\shared\ruby\ext\rhoconf\rhoconf_wrap.c">
      <Filter>ext\rhoconf</Filter>
    </ClCompile>
    <ClCompile Include="..\..\shared\ruby\ext\rho\extensions.c">
      <Filter>ext\rho</Filter>
    </ClCompile>
    <ClCompile Include="..\..\shared\ruby\ext\rho\rhoruby.c">
      <Filter>ext\rho</Filter>
    </ClCompile>
    <ClCompile Include="..\..\shared\ruby\ext\rho\rhosupport.c">
      <Filter>ext\rho</Filter>
    </ClCompile>
    <ClCompile Include="..\..\shared\ruby\random.c" />
    <ClCompile Include="..\..\shared\ruby\ext\geolocation\geolocation_wrap.c">
      <Filter>ext\geo</Filter>
    </ClCompile>
    <ClCompile Include="..\..\shared\ruby\dir.c" />
    <ClCompile Include="..\..\shared\ruby\missing\langinfo.c">
      <Filter>missing</Filter>
    </ClCompile>
    <ClCompile Include="..\..\shared\ruby\file.c" />
    <ClCompile Include="..\..\shared\ruby\wp8\wp8.c">
      <Filter>wp8</Filter>
    </ClCompile>
    <ClCompile Include="..\..\shared\ruby\wp8\win32\win32.c">
      <Filter>wp8\win32</Filter>
    </ClCompile>
    <ClCompile Include="..\..\shared\ruby\ext\strscan\strscan.c">
      <Filter>ext\strscan</Filter>
    </ClCompile>
    <ClCompile Include="..\..\shared\ruby\ext\socket\socket.c">
      <Filter>ext\sockets</Filter>
    </ClCompile>
    <ClCompile Include="..\..\shared\ruby\ext\stringio\stringio.c">
      <Filter>ext\stringio</Filter>
    </ClCompile>
    <ClCompile Include="..\..\shared\ruby\ext\navbar\navbar_wrap.c">
      <Filter>ext\navbar</Filter>
    </ClCompile>
    <ClCompile Include="..\..\shared\ruby\ext\alert\alert_wrap.c">
      <Filter>ext\alert</Filter>
    </ClCompile>
  </ItemGroup>
  <ItemGroup>
    <None Include="..\..\shared\ruby\ext\navbar\navbar.i">
      <Filter>ext\navbar</Filter>
    </None>
  </ItemGroup>
</Project>