
Microsoft Visual Studio Solution File, Format Version 12.00
# Visual Studio 14
VisualStudioVersion = 14.0.25420.1
MinimumVisualStudioVersion = 10.0.40219.1
Project("{8BC9CEB8-8B4A-11D0-8D11-00A0C91BC942}") = "SensorLib", "SensorLib.vcxproj", "{9EAF9496-191E-4B03-B1C5-85D0F9F8CC25}"
EndProject
Global
	GlobalSection(SolutionConfigurationPlatforms) = preSolution
		Debug|Any CPU = Debug|Any CPU
		Debug|ARM = Debug|ARM
		Debug|x64 = Debug|x64
		Debug|x86 = Debug|x86
		Release|Any CPU = Release|Any CPU
		Release|ARM = Release|ARM
		Release|x64 = Release|x64
		Release|x86 = Release|x86
	EndGlobalSection
	GlobalSection(ProjectConfigurationPlatforms) = postSolution
		{907A9CDD-E5B0-4241-A0BE-20165EEC2952}.Debug|Any CPU.ActiveCfg = Release|x86
		{907A9CDD-E5B0-4241-A0BE-20165EEC2952}.Debug|Any CPU.Build.0 = Release|x86
		{907A9CDD-E5B0-4241-A0BE-20165EEC2952}.Debug|Any CPU.Deploy.0 = Release|x86
		{907A9CDD-E5B0-4241-A0BE-20165EEC2952}.Debug|ARM.ActiveCfg = Debug|ARM
		{907A9CDD-E5B0-4241-A0BE-20165EEC2952}.Debug|ARM.Build.0 = Debug|ARM
		{907A9CDD-E5B0-4241-A0BE-20165EEC2952}.Debug|ARM.Deploy.0 = Debug|ARM
		{907A9CDD-E5B0-4241-A0BE-20165EEC2952}.Debug|x64.ActiveCfg = Debug|x86
		{907A9CDD-E5B0-4241-A0BE-20165EEC2952}.Debug|x64.Build.0 = Debug|x86
		{907A9CDD-E5B0-4241-A0BE-20165EEC2952}.Debug|x86.ActiveCfg = Debug|x86
		{907A9CDD-E5B0-4241-A0BE-20165EEC2952}.Debug|x86.Build.0 = Debug|x86
		{907A9CDD-E5B0-4241-A0BE-20165EEC2952}.Debug|x86.Deploy.0 = Debug|x86
		{907A9CDD-E5B0-4241-A0BE-20165EEC2952}.Release|Any CPU.ActiveCfg = Release|x86
		{907A9CDD-E5B0-4241-A0BE-20165EEC2952}.Release|Any CPU.Build.0 = Release|x86
		{907A9CDD-E5B0-4241-A0BE-20165EEC2952}.Release|Any CPU.Deploy.0 = Release|x86
		{907A9CDD-E5B0-4241-A0BE-20165EEC2952}.Release|ARM.ActiveCfg = Release|ARM
		{907A9CDD-E5B0-4241-A0BE-20165EEC2952}.Release|ARM.Build.0 = Release|ARM
		{907A9CDD-E5B0-4241-A0BE-20165EEC2952}.Release|ARM.Deploy.0 = Release|ARM
		{907A9CDD-E5B0-4241-A0BE-20165EEC2952}.Release|x64.ActiveCfg = Release|x86
		{907A9CDD-E5B0-4241-A0BE-20165EEC2952}.Release|x64.Build.0 = Release|x86
		{907A9CDD-E5B0-4241-A0BE-20165EEC2952}.Release|x64.Deploy.0 = Release|x86
		{907A9CDD-E5B0-4241-A0BE-20165EEC2952}.Release|x86.ActiveCfg = Release|x86
		{907A9CDD-E5B0-4241-A0BE-20165EEC2952}.Release|x86.Build.0 = Release|x86
		{907A9CDD-E5B0-4241-A0BE-20165EEC2952}.Release|x86.Deploy.0 = Release|x86
		{9EAF9496-191E-4B03-B1C5-85D0F9F8CC25}.Debug|Any CPU.ActiveCfg = Release|Win32
		{9EAF9496-191E-4B03-B1C5-85D0F9F8CC25}.Debug|Any CPU.Build.0 = Release|Win32
		{9EAF9496-191E-4B03-B1C5-85D0F9F8CC25}.Debug|Any CPU.Deploy.0 = Release|Win32
		{9EAF9496-191E-4B03-B1C5-85D0F9F8CC25}.Debug|ARM.ActiveCfg = Debug|ARM
		{9EAF9496-191E-4B03-B1C5-85D0F9F8CC25}.Debug|ARM.Build.0 = Debug|ARM
		{9EAF9496-191E-4B03-B1C5-85D0F9F8CC25}.Debug|ARM.Deploy.0 = Debug|ARM
		{9EAF9496-191E-4B03-B1C5-85D0F9F8CC25}.Debug|x64.ActiveCfg = Debug|Win32
		{9EAF9496-191E-4B03-B1C5-85D0F9F8CC25}.Debug|x64.Build.0 = Debug|Win32
		{9EAF9496-191E-4B03-B1C5-85D0F9F8CC25}.Debug|x86.ActiveCfg = Debug|Win32
		{9EAF9496-191E-4B03-B1C5-85D0F9F8CC25}.Debug|x86.Build.0 = Debug|Win32
		{9EAF9496-191E-4B03-B1C5-85D0F9F8CC25}.Debug|x86.Deploy.0 = Debug|Win32
		{9EAF9496-191E-4B03-B1C5-85D0F9F8CC25}.Release|Any CPU.ActiveCfg = Release|Win32
		{9EAF9496-191E-4B03-B1C5-85D0F9F8CC25}.Release|Any CPU.Build.0 = Release|Win32
		{9EAF9496-191E-4B03-B1C5-85D0F9F8CC25}.Release|Any CPU.Deploy.0 = Release|Win32
		{9EAF9496-191E-4B03-B1C5-85D0F9F8CC25}.Release|ARM.ActiveCfg = Release|ARM
		{9EAF9496-191E-4B03-B1C5-85D0F9F8CC25}.Release|ARM.Build.0 = Release|ARM
		{9EAF9496-191E-4B03-B1C5-85D0F9F8CC25}.Release|ARM.Deploy.0 = Release|ARM
		{9EAF9496-191E-4B03-B1C5-85D0F9F8CC25}.Release|x64.ActiveCfg = Release|Win32
		{9EAF9496-191E-4B03-B1C5-85D0F9F8CC25}.Release|x64.Build.0 = Release|Win32
		{9EAF9496-191E-4B03-B1C5-85D0F9F8CC25}.Release|x64.Deploy.0 = Release|Win32
		{9EAF9496-191E-4B03-B1C5-85D0F9F8CC25}.Release|x86.ActiveCfg = Release|Win32
		{9EAF9496-191E-4B03-B1C5-85D0F9F8CC25}.Release|x86.Build.0 = Release|Win32
		{9EAF9496-191E-4B03-B1C5-85D0F9F8CC25}.Release|x86.Deploy.0 = Release|Win32
	EndGlobalSection
	GlobalSection(SolutionProperties) = preSolution
		HideSolutionNode = FALSE
	EndGlobalSection
EndGlobal
