// !$*UTF8*$!
{
	archiveVersion = 1;
	classes = {
	};
	objectVersion = 45;
	objects = {

/* Begin PBXBuildFile section */
		5C2F10BB116146930054AC80 /* RhoRuby.cpp in Sources */ = {isa = PBXBuildFile; fileRef = 5C2F10B9116146930054AC80 /* RhoRuby.cpp */; };
		5C2F10BC116146930054AC80 /* RhoRuby.h in Headers */ = {isa = PBXBuildFile; fileRef = 5C2F10BA116146930054AC80 /* RhoRuby.h */; };
		5C5335530FC2977600F268F0 /* IRhoThreadImpl.h in Headers */ = {isa = PBXBuildFile; fileRef = 5C5335500FC2977600F268F0 /* IRhoThreadImpl.h */; };
		5C5335540FC2977600F268F0 /* RhoThread.cpp in Sources */ = {isa = PBXBuildFile; fileRef = 5C5335510FC2977600F268F0 /* RhoThread.cpp */; };
		5C5335550FC2977600F268F0 /* RhoThread.h in Headers */ = {isa = PBXBuildFile; fileRef = 5C5335520FC2977600F268F0 /* RhoThread.h */; };
		5C59BF4D115B4BC300E96ADE /* unzip.cpp in Sources */ = {isa = PBXBuildFile; fileRef = 5C59BF4B115B4BC300E96ADE /* unzip.cpp */; };
		5C59BF4E115B4BC300E96ADE /* unzip.h in Headers */ = {isa = PBXBuildFile; fileRef = 5C59BF4C115B4BC300E96ADE /* unzip.h */; };
		5C6855E910A02EAA008DA047 /* RhodesApp.cpp in Sources */ = {isa = PBXBuildFile; fileRef = 5C6855E610A02EAA008DA047 /* RhodesApp.cpp */; };
		5C6855EA10A02EAA008DA047 /* RhodesApp.h in Headers */ = {isa = PBXBuildFile; fileRef = 5C6855E710A02EAA008DA047 /* RhodesApp.h */; };
		5C6B448C0F946589003CB43A /* RhoConf.cpp in Sources */ = {isa = PBXBuildFile; fileRef = 5C6B448A0F946589003CB43A /* RhoConf.cpp */; };
		5C6B448D0F946589003CB43A /* RhoConf.h in Headers */ = {isa = PBXBuildFile; fileRef = 5C6B448B0F946589003CB43A /* RhoConf.h */; };
		5C6B452C0F9468E2003CB43A /* RhoProfiler.cpp in Sources */ = {isa = PBXBuildFile; fileRef = 5C6B452A0F9468E2003CB43A /* RhoProfiler.cpp */; };
		5C6B452D0F9468E2003CB43A /* RhoProfiler.h in Headers */ = {isa = PBXBuildFile; fileRef = 5C6B452B0F9468E2003CB43A /* RhoProfiler.h */; };
		5C71626F0F8B7E170096B6AA /* RhoDefs.h in Headers */ = {isa = PBXBuildFile; fileRef = 5C7162640F8B7E170096B6AA /* RhoDefs.h */; };
		5C7162700F8B7E170096B6AA /* RhoFatalError.h in Headers */ = {isa = PBXBuildFile; fileRef = 5C7162650F8B7E170096B6AA /* RhoFatalError.h */; };
		5C7162710F8B7E170096B6AA /* RhoFile.cpp in Sources */ = {isa = PBXBuildFile; fileRef = 5C7162660F8B7E170096B6AA /* RhoFile.cpp */; };
		5C7162720F8B7E170096B6AA /* RhoFile.h in Headers */ = {isa = PBXBuildFile; fileRef = 5C7162670F8B7E170096B6AA /* RhoFile.h */; };
		5C7162730F8B7E170096B6AA /* RhoFilePath.h in Headers */ = {isa = PBXBuildFile; fileRef = 5C7162680F8B7E170096B6AA /* RhoFilePath.h */; };
		5C7162740F8B7E170096B6AA /* RhoMutexLock.h in Headers */ = {isa = PBXBuildFile; fileRef = 5C7162690F8B7E170096B6AA /* RhoMutexLock.h */; };
		5C7162750F8B7E170096B6AA /* RhoPort.h in Headers */ = {isa = PBXBuildFile; fileRef = 5C71626A0F8B7E170096B6AA /* RhoPort.h */; };
		5C7162760F8B7E170096B6AA /* RhoStd.h in Headers */ = {isa = PBXBuildFile; fileRef = 5C71626B0F8B7E170096B6AA /* RhoStd.h */; };
		5C7162770F8B7E170096B6AA /* RhoSystem.h in Headers */ = {isa = PBXBuildFile; fileRef = 5C71626C0F8B7E170096B6AA /* RhoSystem.h */; };
		5C7162780F8B7E170096B6AA /* RhoTime.h in Headers */ = {isa = PBXBuildFile; fileRef = 5C71626D0F8B7E170096B6AA /* RhoTime.h */; };
		5C7162790F8B7E170096B6AA /* StringConverter.h in Headers */ = {isa = PBXBuildFile; fileRef = 5C71626E0F8B7E170096B6AA /* StringConverter.h */; };
		5C7162830F8B7E330096B6AA /* RhoLog.cpp in Sources */ = {isa = PBXBuildFile; fileRef = 5C71627A0F8B7E330096B6AA /* RhoLog.cpp */; };
		5C7162840F8B7E330096B6AA /* RhoLog.h in Headers */ = {isa = PBXBuildFile; fileRef = 5C71627B0F8B7E330096B6AA /* RhoLog.h */; };
		5C7162850F8B7E330096B6AA /* RhoLogCat.h in Headers */ = {isa = PBXBuildFile; fileRef = 5C71627C0F8B7E330096B6AA /* RhoLogCat.h */; };
		5C7162860F8B7E330096B6AA /* RhoLogConf.cpp in Sources */ = {isa = PBXBuildFile; fileRef = 5C71627D0F8B7E330096B6AA /* RhoLogConf.cpp */; };
		5C7162870F8B7E330096B6AA /* RhoLogConf.h in Headers */ = {isa = PBXBuildFile; fileRef = 5C71627E0F8B7E330096B6AA /* RhoLogConf.h */; };
		5C7162880F8B7E330096B6AA /* RhoLogSink.cpp in Sources */ = {isa = PBXBuildFile; fileRef = 5C71627F0F8B7E330096B6AA /* RhoLogSink.cpp */; };
		5C7162890F8B7E330096B6AA /* RhoLogSink.h in Headers */ = {isa = PBXBuildFile; fileRef = 5C7162800F8B7E330096B6AA /* RhoLogSink.h */; };
		5C71628A0F8B7E330096B6AA /* RhoPlainLog.cpp in Sources */ = {isa = PBXBuildFile; fileRef = 5C7162810F8B7E330096B6AA /* RhoPlainLog.cpp */; };
		5C7405921064AF1600163569 /* Tokenizer.cpp in Sources */ = {isa = PBXBuildFile; fileRef = 5C7405901064AF1600163569 /* Tokenizer.cpp */; };
		5C7405931064AF1600163569 /* Tokenizer.h in Headers */ = {isa = PBXBuildFile; fileRef = 5C7405911064AF1600163569 /* Tokenizer.h */; };
		5C798934113BD148005F8736 /* GeoLocation.cpp in Sources */ = {isa = PBXBuildFile; fileRef = 5C798932113BD148005F8736 /* GeoLocation.cpp */; };
		5C798935113BD148005F8736 /* GeoLocation.h in Headers */ = {isa = PBXBuildFile; fileRef = 5C798933113BD148005F8736 /* GeoLocation.h */; };
		5C8EE85C11220E9E0005C20D /* AsyncHttp.cpp in Sources */ = {isa = PBXBuildFile; fileRef = 5C8EE85A11220E9E0005C20D /* AsyncHttp.cpp */; };
		5C8EE85D11220E9E0005C20D /* AsyncHttp.h in Headers */ = {isa = PBXBuildFile; fileRef = 5C8EE85B11220E9E0005C20D /* AsyncHttp.h */; };
		5C98174C0FBC4FCE002597A5 /* AutoPointer.h in Headers */ = {isa = PBXBuildFile; fileRef = 5C9817490FBC4FCE002597A5 /* AutoPointer.h */; };
		5C98174D0FBC4FCE002597A5 /* InputStream.h in Headers */ = {isa = PBXBuildFile; fileRef = 5C98174A0FBC4FCE002597A5 /* InputStream.h */; };
		5C98174E0FBC4FCE002597A5 /* irhoclassfactory.h in Headers */ = {isa = PBXBuildFile; fileRef = 5C98174B0FBC4FCE002597A5 /* irhoclassfactory.h */; };
		5CA2DE9011B01EF000B868D5 /* ThreadQueue.cpp in Sources */ = {isa = PBXBuildFile; fileRef = 5CA2DE8E11B01EF000B868D5 /* ThreadQueue.cpp */; };
		5CA2DE9111B01EF000B868D5 /* ThreadQueue.h in Headers */ = {isa = PBXBuildFile; fileRef = 5CA2DE8F11B01EF000B868D5 /* ThreadQueue.h */; };
		5CBD462A1087399700107D0D /* URI.cpp in Sources */ = {isa = PBXBuildFile; fileRef = 5CBD46271087399700107D0D /* URI.cpp */; };
		5CBD462B1087399700107D0D /* URI.h in Headers */ = {isa = PBXBuildFile; fileRef = 5CBD46281087399700107D0D /* URI.h */; };
		5CCD7EBC116CE2D5005E6CA3 /* AppMenu.cpp in Sources */ = {isa = PBXBuildFile; fileRef = 5CCD7EBA116CE2D5005E6CA3 /* AppMenu.cpp */; };
		5CCD7EBD116CE2D5005E6CA3 /* AppMenu.h in Headers */ = {isa = PBXBuildFile; fileRef = 5CCD7EBB116CE2D5005E6CA3 /* AppMenu.h */; };
		5CE294121009D8D9009A75F6 /* isysteminfo.h in Headers */ = {isa = PBXBuildFile; fileRef = 5CE294111009D8D9009A75F6 /* isysteminfo.h */; };
		5CECDBB3113FE3620084A75B /* System.cpp in Sources */ = {isa = PBXBuildFile; fileRef = 5CECDBB2113FE3620084A75B /* System.cpp */; };
		BD2C950810AE0D4B008D4692 /* PosixThreadImpl.cpp in Sources */ = {isa = PBXBuildFile; fileRef = BD2C950610AE0D4B008D4692 /* PosixThreadImpl.cpp */; };
		BD2C950910AE0D4B008D4692 /* PosixThreadImpl.h in Headers */ = {isa = PBXBuildFile; fileRef = BD2C950710AE0D4B008D4692 /* PosixThreadImpl.h */; };
		BD2CEFCE10ADF10D002356D9 /* CURLNetRequest.cpp in Sources */ = {isa = PBXBuildFile; fileRef = BD2CEFCB10ADF10D002356D9 /* CURLNetRequest.cpp */; };
		BD2CEFCF10ADF10D002356D9 /* CURLNetRequest.h in Headers */ = {isa = PBXBuildFile; fileRef = BD2CEFCC10ADF10D002356D9 /* CURLNetRequest.h */; };
		BD2CEFD010ADF10D002356D9 /* INetRequest.h in Headers */ = {isa = PBXBuildFile; fileRef = BD2CEFCD10ADF10D002356D9 /* INetRequest.h */; };
		BD4FC54B10BFE4D100D280D0 /* HttpServer.cpp in Sources */ = {isa = PBXBuildFile; fileRef = BD4FC54910BFE4D100D280D0 /* HttpServer.cpp */; };
		BD4FC54C10BFE4D100D280D0 /* HttpServer.h in Headers */ = {isa = PBXBuildFile; fileRef = BD4FC54A10BFE4D100D280D0 /* HttpServer.h */; };
		BD8DF8881147C8090041A968 /* SplashScreen.cpp in Sources */ = {isa = PBXBuildFile; fileRef = BD8DF8861147C8090041A968 /* SplashScreen.cpp */; };
		BD8DF8891147C8090041A968 /* SplashScreen.h in Headers */ = {isa = PBXBuildFile; fileRef = BD8DF8871147C8090041A968 /* SplashScreen.h */; };
		BDD11ECD113664E700349BE3 /* rhoparams.c in Sources */ = {isa = PBXBuildFile; fileRef = BDD11ECB113664E700349BE3 /* rhoparams.c */; };
		BDD11ECE113664E700349BE3 /* rhoparams.h in Headers */ = {isa = PBXBuildFile; fileRef = BDD11ECC113664E700349BE3 /* rhoparams.h */; };
		BDFCB13D112EE2B500AE3724 /* ssl.cpp in Sources */ = {isa = PBXBuildFile; fileRef = BDFCB13B112EE2B500AE3724 /* ssl.cpp */; };
		BDFCB13E112EE2B500AE3724 /* ssl.h in Headers */ = {isa = PBXBuildFile; fileRef = BDFCB13C112EE2B500AE3724 /* ssl.h */; };
/* End PBXBuildFile section */

/* Begin PBXFileReference section */
		5C2F10B9116146930054AC80 /* RhoRuby.cpp */ = {isa = PBXFileReference; fileEncoding = 4; lastKnownFileType = sourcecode.cpp.cpp; name = RhoRuby.cpp; path = ../../shared/rubyext/RhoRuby.cpp; sourceTree = SOURCE_ROOT; };
		5C2F10BA116146930054AC80 /* RhoRuby.h */ = {isa = PBXFileReference; fileEncoding = 4; lastKnownFileType = sourcecode.c.h; name = RhoRuby.h; path = ../../shared/rubyext/RhoRuby.h; sourceTree = SOURCE_ROOT; };
		5C5335500FC2977600F268F0 /* IRhoThreadImpl.h */ = {isa = PBXFileReference; fileEncoding = 4; lastKnownFileType = sourcecode.c.h; name = IRhoThreadImpl.h; path = ../../shared/common/IRhoThreadImpl.h; sourceTree = SOURCE_ROOT; };
		5C5335510FC2977600F268F0 /* RhoThread.cpp */ = {isa = PBXFileReference; fileEncoding = 4; lastKnownFileType = sourcecode.cpp.cpp; name = RhoThread.cpp; path = ../../shared/common/RhoThread.cpp; sourceTree = SOURCE_ROOT; };
		5C5335520FC2977600F268F0 /* RhoThread.h */ = {isa = PBXFileReference; fileEncoding = 4; lastKnownFileType = sourcecode.c.h; name = RhoThread.h; path = ../../shared/common/RhoThread.h; sourceTree = SOURCE_ROOT; };
		5C59BF4B115B4BC300E96ADE /* unzip.cpp */ = {isa = PBXFileReference; fileEncoding = 4; lastKnownFileType = sourcecode.cpp.cpp; name = unzip.cpp; path = ../../shared/unzip/unzip.cpp; sourceTree = SOURCE_ROOT; };
		5C59BF4C115B4BC300E96ADE /* unzip.h */ = {isa = PBXFileReference; fileEncoding = 4; lastKnownFileType = sourcecode.c.h; name = unzip.h; path = ../../shared/unzip/unzip.h; sourceTree = SOURCE_ROOT; };
		5C6855E610A02EAA008DA047 /* RhodesApp.cpp */ = {isa = PBXFileReference; fileEncoding = 4; lastKnownFileType = sourcecode.cpp.cpp; name = RhodesApp.cpp; path = ../../shared/common/RhodesApp.cpp; sourceTree = SOURCE_ROOT; };
		5C6855E710A02EAA008DA047 /* RhodesApp.h */ = {isa = PBXFileReference; fileEncoding = 4; lastKnownFileType = sourcecode.c.h; name = RhodesApp.h; path = ../../shared/common/RhodesApp.h; sourceTree = SOURCE_ROOT; };
		5C6B448A0F946589003CB43A /* RhoConf.cpp */ = {isa = PBXFileReference; fileEncoding = 4; lastKnownFileType = sourcecode.cpp.cpp; name = RhoConf.cpp; path = ../../shared/common/RhoConf.cpp; sourceTree = SOURCE_ROOT; };
		5C6B448B0F946589003CB43A /* RhoConf.h */ = {isa = PBXFileReference; fileEncoding = 4; lastKnownFileType = sourcecode.c.h; name = RhoConf.h; path = ../../shared/common/RhoConf.h; sourceTree = SOURCE_ROOT; };
		5C6B452A0F9468E2003CB43A /* RhoProfiler.cpp */ = {isa = PBXFileReference; fileEncoding = 4; lastKnownFileType = sourcecode.cpp.cpp; name = RhoProfiler.cpp; path = ../../shared/statistic/RhoProfiler.cpp; sourceTree = SOURCE_ROOT; };
		5C6B452B0F9468E2003CB43A /* RhoProfiler.h */ = {isa = PBXFileReference; fileEncoding = 4; lastKnownFileType = sourcecode.c.h; name = RhoProfiler.h; path = ../../shared/statistic/RhoProfiler.h; sourceTree = SOURCE_ROOT; };
		5C7162640F8B7E170096B6AA /* RhoDefs.h */ = {isa = PBXFileReference; fileEncoding = 4; lastKnownFileType = sourcecode.c.h; name = RhoDefs.h; path = ../../shared/common/RhoDefs.h; sourceTree = SOURCE_ROOT; };
		5C7162650F8B7E170096B6AA /* RhoFatalError.h */ = {isa = PBXFileReference; fileEncoding = 4; lastKnownFileType = sourcecode.c.h; name = RhoFatalError.h; path = ../../shared/common/RhoFatalError.h; sourceTree = SOURCE_ROOT; };
		5C7162660F8B7E170096B6AA /* RhoFile.cpp */ = {isa = PBXFileReference; fileEncoding = 4; lastKnownFileType = sourcecode.cpp.cpp; name = RhoFile.cpp; path = ../../shared/common/RhoFile.cpp; sourceTree = SOURCE_ROOT; };
		5C7162670F8B7E170096B6AA /* RhoFile.h */ = {isa = PBXFileReference; fileEncoding = 4; lastKnownFileType = sourcecode.c.h; name = RhoFile.h; path = ../../shared/common/RhoFile.h; sourceTree = SOURCE_ROOT; };
		5C7162680F8B7E170096B6AA /* RhoFilePath.h */ = {isa = PBXFileReference; fileEncoding = 4; lastKnownFileType = sourcecode.c.h; name = RhoFilePath.h; path = ../../shared/common/RhoFilePath.h; sourceTree = SOURCE_ROOT; };
		5C7162690F8B7E170096B6AA /* RhoMutexLock.h */ = {isa = PBXFileReference; fileEncoding = 4; lastKnownFileType = sourcecode.c.h; name = RhoMutexLock.h; path = ../../shared/common/RhoMutexLock.h; sourceTree = SOURCE_ROOT; };
		5C71626A0F8B7E170096B6AA /* RhoPort.h */ = {isa = PBXFileReference; fileEncoding = 4; lastKnownFileType = sourcecode.c.h; name = RhoPort.h; path = ../../shared/common/RhoPort.h; sourceTree = SOURCE_ROOT; };
		5C71626B0F8B7E170096B6AA /* RhoStd.h */ = {isa = PBXFileReference; fileEncoding = 4; lastKnownFileType = sourcecode.c.h; name = RhoStd.h; path = ../../shared/common/RhoStd.h; sourceTree = SOURCE_ROOT; };
		5C71626C0F8B7E170096B6AA /* RhoSystem.h */ = {isa = PBXFileReference; fileEncoding = 4; lastKnownFileType = sourcecode.c.h; name = RhoSystem.h; path = ../../shared/common/RhoSystem.h; sourceTree = SOURCE_ROOT; };
		5C71626D0F8B7E170096B6AA /* RhoTime.h */ = {isa = PBXFileReference; fileEncoding = 4; lastKnownFileType = sourcecode.c.h; name = RhoTime.h; path = ../../shared/common/RhoTime.h; sourceTree = SOURCE_ROOT; };
		5C71626E0F8B7E170096B6AA /* StringConverter.h */ = {isa = PBXFileReference; fileEncoding = 4; lastKnownFileType = sourcecode.c.h; name = StringConverter.h; path = ../../shared/common/StringConverter.h; sourceTree = SOURCE_ROOT; };
		5C71627A0F8B7E330096B6AA /* RhoLog.cpp */ = {isa = PBXFileReference; fileEncoding = 4; lastKnownFileType = sourcecode.cpp.cpp; name = RhoLog.cpp; path = ../../shared/logging/RhoLog.cpp; sourceTree = SOURCE_ROOT; };
		5C71627B0F8B7E330096B6AA /* RhoLog.h */ = {isa = PBXFileReference; fileEncoding = 4; lastKnownFileType = sourcecode.c.h; name = RhoLog.h; path = ../../shared/logging/RhoLog.h; sourceTree = SOURCE_ROOT; };
		5C71627C0F8B7E330096B6AA /* RhoLogCat.h */ = {isa = PBXFileReference; fileEncoding = 4; lastKnownFileType = sourcecode.c.h; name = RhoLogCat.h; path = ../../shared/logging/RhoLogCat.h; sourceTree = SOURCE_ROOT; };
		5C71627D0F8B7E330096B6AA /* RhoLogConf.cpp */ = {isa = PBXFileReference; fileEncoding = 4; lastKnownFileType = sourcecode.cpp.cpp; name = RhoLogConf.cpp; path = ../../shared/logging/RhoLogConf.cpp; sourceTree = SOURCE_ROOT; };
		5C71627E0F8B7E330096B6AA /* RhoLogConf.h */ = {isa = PBXFileReference; fileEncoding = 4; lastKnownFileType = sourcecode.c.h; name = RhoLogConf.h; path = ../../shared/logging/RhoLogConf.h; sourceTree = SOURCE_ROOT; };
		5C71627F0F8B7E330096B6AA /* RhoLogSink.cpp */ = {isa = PBXFileReference; fileEncoding = 4; lastKnownFileType = sourcecode.cpp.cpp; name = RhoLogSink.cpp; path = ../../shared/logging/RhoLogSink.cpp; sourceTree = SOURCE_ROOT; };
		5C7162800F8B7E330096B6AA /* RhoLogSink.h */ = {isa = PBXFileReference; fileEncoding = 4; lastKnownFileType = sourcecode.c.h; name = RhoLogSink.h; path = ../../shared/logging/RhoLogSink.h; sourceTree = SOURCE_ROOT; };
		5C7162810F8B7E330096B6AA /* RhoPlainLog.cpp */ = {isa = PBXFileReference; fileEncoding = 4; lastKnownFileType = sourcecode.cpp.cpp; name = RhoPlainLog.cpp; path = ../../shared/logging/RhoPlainLog.cpp; sourceTree = SOURCE_ROOT; };
		5C7405901064AF1600163569 /* Tokenizer.cpp */ = {isa = PBXFileReference; fileEncoding = 4; lastKnownFileType = sourcecode.cpp.cpp; name = Tokenizer.cpp; path = ../../shared/common/Tokenizer.cpp; sourceTree = SOURCE_ROOT; };
		5C7405911064AF1600163569 /* Tokenizer.h */ = {isa = PBXFileReference; fileEncoding = 4; lastKnownFileType = sourcecode.c.h; name = Tokenizer.h; path = ../../shared/common/Tokenizer.h; sourceTree = SOURCE_ROOT; };
		5C798932113BD148005F8736 /* GeoLocation.cpp */ = {isa = PBXFileReference; fileEncoding = 4; lastKnownFileType = sourcecode.cpp.cpp; name = GeoLocation.cpp; path = ../../shared/rubyext/GeoLocation.cpp; sourceTree = SOURCE_ROOT; };
		5C798933113BD148005F8736 /* GeoLocation.h */ = {isa = PBXFileReference; fileEncoding = 4; lastKnownFileType = sourcecode.c.h; name = GeoLocation.h; path = ../../shared/rubyext/GeoLocation.h; sourceTree = SOURCE_ROOT; };
		5C8EE85A11220E9E0005C20D /* AsyncHttp.cpp */ = {isa = PBXFileReference; fileEncoding = 4; lastKnownFileType = sourcecode.cpp.cpp; name = AsyncHttp.cpp; path = ../../shared/net/AsyncHttp.cpp; sourceTree = SOURCE_ROOT; };
		5C8EE85B11220E9E0005C20D /* AsyncHttp.h */ = {isa = PBXFileReference; fileEncoding = 4; lastKnownFileType = sourcecode.c.h; name = AsyncHttp.h; path = ../../shared/net/AsyncHttp.h; sourceTree = SOURCE_ROOT; };
		5C9817490FBC4FCE002597A5 /* AutoPointer.h */ = {isa = PBXFileReference; fileEncoding = 4; lastKnownFileType = sourcecode.c.h; name = AutoPointer.h; path = ../../shared/common/AutoPointer.h; sourceTree = SOURCE_ROOT; };
		5C98174A0FBC4FCE002597A5 /* InputStream.h */ = {isa = PBXFileReference; fileEncoding = 4; lastKnownFileType = sourcecode.c.h; name = InputStream.h; path = ../../shared/common/InputStream.h; sourceTree = SOURCE_ROOT; };
		5C98174B0FBC4FCE002597A5 /* irhoclassfactory.h */ = {isa = PBXFileReference; fileEncoding = 4; lastKnownFileType = sourcecode.c.h; name = irhoclassfactory.h; path = ../../shared/common/irhoclassfactory.h; sourceTree = SOURCE_ROOT; };
		5CA2DE8E11B01EF000B868D5 /* ThreadQueue.cpp */ = {isa = PBXFileReference; fileEncoding = 4; lastKnownFileType = sourcecode.cpp.cpp; name = ThreadQueue.cpp; path = ../../shared/common/ThreadQueue.cpp; sourceTree = SOURCE_ROOT; };
		5CA2DE8F11B01EF000B868D5 /* ThreadQueue.h */ = {isa = PBXFileReference; fileEncoding = 4; lastKnownFileType = sourcecode.c.h; name = ThreadQueue.h; path = ../../shared/common/ThreadQueue.h; sourceTree = SOURCE_ROOT; };
		5CBD46271087399700107D0D /* URI.cpp */ = {isa = PBXFileReference; fileEncoding = 4; lastKnownFileType = sourcecode.cpp.cpp; name = URI.cpp; path = ../../shared/net/URI.cpp; sourceTree = SOURCE_ROOT; };
		5CBD46281087399700107D0D /* URI.h */ = {isa = PBXFileReference; fileEncoding = 4; lastKnownFileType = sourcecode.c.h; name = URI.h; path = ../../shared/net/URI.h; sourceTree = SOURCE_ROOT; };
		5CCD7EBA116CE2D5005E6CA3 /* AppMenu.cpp */ = {isa = PBXFileReference; fileEncoding = 4; lastKnownFileType = sourcecode.cpp.cpp; name = AppMenu.cpp; path = ../../shared/common/AppMenu.cpp; sourceTree = SOURCE_ROOT; };
		5CCD7EBB116CE2D5005E6CA3 /* AppMenu.h */ = {isa = PBXFileReference; fileEncoding = 4; lastKnownFileType = sourcecode.c.h; name = AppMenu.h; path = ../../shared/common/AppMenu.h; sourceTree = SOURCE_ROOT; };
		5CE294111009D8D9009A75F6 /* isysteminfo.h */ = {isa = PBXFileReference; fileEncoding = 4; lastKnownFileType = sourcecode.c.h; name = isysteminfo.h; path = ../../shared/common/isysteminfo.h; sourceTree = SOURCE_ROOT; };
		5CECDBB2113FE3620084A75B /* System.cpp */ = {isa = PBXFileReference; fileEncoding = 4; lastKnownFileType = sourcecode.cpp.cpp; name = System.cpp; path = ../../shared/rubyext/System.cpp; sourceTree = SOURCE_ROOT; };
		BD2C950610AE0D4B008D4692 /* PosixThreadImpl.cpp */ = {isa = PBXFileReference; fileEncoding = 4; lastKnownFileType = sourcecode.cpp.cpp; name = PosixThreadImpl.cpp; path = ../../shared/common/PosixThreadImpl.cpp; sourceTree = SOURCE_ROOT; };
		BD2C950710AE0D4B008D4692 /* PosixThreadImpl.h */ = {isa = PBXFileReference; fileEncoding = 4; lastKnownFileType = sourcecode.c.h; name = PosixThreadImpl.h; path = ../../shared/common/PosixThreadImpl.h; sourceTree = SOURCE_ROOT; };
		BD2CEFCB10ADF10D002356D9 /* CURLNetRequest.cpp */ = {isa = PBXFileReference; fileEncoding = 4; lastKnownFileType = sourcecode.cpp.cpp; name = CURLNetRequest.cpp; path = ../../shared/net/CURLNetRequest.cpp; sourceTree = SOURCE_ROOT; };
		BD2CEFCC10ADF10D002356D9 /* CURLNetRequest.h */ = {isa = PBXFileReference; fileEncoding = 4; lastKnownFileType = sourcecode.c.h; name = CURLNetRequest.h; path = ../../shared/net/CURLNetRequest.h; sourceTree = SOURCE_ROOT; };
		BD2CEFCD10ADF10D002356D9 /* INetRequest.h */ = {isa = PBXFileReference; fileEncoding = 4; lastKnownFileType = sourcecode.c.h; name = INetRequest.h; path = ../../shared/net/INetRequest.h; sourceTree = SOURCE_ROOT; };
		BD4FC54910BFE4D100D280D0 /* HttpServer.cpp */ = {isa = PBXFileReference; fileEncoding = 4; lastKnownFileType = sourcecode.cpp.cpp; name = HttpServer.cpp; path = ../../shared/net/HttpServer.cpp; sourceTree = SOURCE_ROOT; };
		BD4FC54A10BFE4D100D280D0 /* HttpServer.h */ = {isa = PBXFileReference; fileEncoding = 4; lastKnownFileType = sourcecode.c.h; name = HttpServer.h; path = ../../shared/net/HttpServer.h; sourceTree = SOURCE_ROOT; };
		BD8DF8861147C8090041A968 /* SplashScreen.cpp */ = {isa = PBXFileReference; fileEncoding = 4; lastKnownFileType = sourcecode.cpp.cpp; name = SplashScreen.cpp; path = ../../shared/common/SplashScreen.cpp; sourceTree = SOURCE_ROOT; };
		BD8DF8871147C8090041A968 /* SplashScreen.h */ = {isa = PBXFileReference; fileEncoding = 4; lastKnownFileType = sourcecode.c.h; name = SplashScreen.h; path = ../../shared/common/SplashScreen.h; sourceTree = SOURCE_ROOT; };
		BDD11ECB113664E700349BE3 /* rhoparams.c */ = {isa = PBXFileReference; fileEncoding = 4; lastKnownFileType = sourcecode.c.c; name = rhoparams.c; path = ../../shared/common/rhoparams.c; sourceTree = SOURCE_ROOT; };
		BDD11ECC113664E700349BE3 /* rhoparams.h */ = {isa = PBXFileReference; fileEncoding = 4; lastKnownFileType = sourcecode.c.h; name = rhoparams.h; path = ../../shared/common/rhoparams.h; sourceTree = SOURCE_ROOT; };
		BDFCB13B112EE2B500AE3724 /* ssl.cpp */ = {isa = PBXFileReference; fileEncoding = 4; lastKnownFileType = sourcecode.cpp.cpp; name = ssl.cpp; path = ../../shared/net/ssl.cpp; sourceTree = SOURCE_ROOT; };
		BDFCB13C112EE2B500AE3724 /* ssl.h */ = {isa = PBXFileReference; fileEncoding = 4; lastKnownFileType = sourcecode.c.h; name = ssl.h; path = ../../shared/net/ssl.h; sourceTree = SOURCE_ROOT; };
		D2AAC046055464E500DB518D /* librholib.a */ = {isa = PBXFileReference; explicitFileType = archive.ar; includeInIndex = 0; path = librholib.a; sourceTree = BUILT_PRODUCTS_DIR; };
/* End PBXFileReference section */

/* Begin PBXFrameworksBuildPhase section */
		D289987405E68DCB004EDB86 /* Frameworks */ = {
			isa = PBXFrameworksBuildPhase;
			buildActionMask = 2147483647;
			files = (
			);
			runOnlyForDeploymentPostprocessing = 0;
		};
/* End PBXFrameworksBuildPhase section */

/* Begin PBXGroup section */
		08FB7794FE84155DC02AAC07 /* RhoLib */ = {
			isa = PBXGroup;
			children = (
				08FB7795FE84155DC02AAC07 /* Source */,
				C6A0FF2B0290797F04C91782 /* Documentation */,
				1AB674ADFE9D54B511CA2CBB /* Products */,
			);
			name = RhoLib;
			sourceTree = "<group>";
		};
		08FB7795FE84155DC02AAC07 /* Source */ = {
			isa = PBXGroup;
			children = (
				5C59BF4A115B4BA300E96ADE /* unzip */,
				5C798931113BD10C005F8736 /* rubyext */,
				5CBD46251087397B00107D0D /* net */,
				5C6B45280F9468C5003CB43A /* statistic */,
				5C7162600F8B7DEE0096B6AA /* common */,
				5C7162630F8B7DF40096B6AA /* logging */,
			);
			name = Source;
			sourceTree = "<group>";
		};
		1AB674ADFE9D54B511CA2CBB /* Products */ = {
			isa = PBXGroup;
			children = (
				D2AAC046055464E500DB518D /* librholib.a */,
			);
			name = Products;
			sourceTree = "<group>";
		};
		5C59BF4A115B4BA300E96ADE /* unzip */ = {
			isa = PBXGroup;
			children = (
				5C59BF4B115B4BC300E96ADE /* unzip.cpp */,
				5C59BF4C115B4BC300E96ADE /* unzip.h */,
			);
			name = unzip;
			sourceTree = "<group>";
		};
		5C6B45280F9468C5003CB43A /* statistic */ = {
			isa = PBXGroup;
			children = (
				5C6B452A0F9468E2003CB43A /* RhoProfiler.cpp */,
				5C6B452B0F9468E2003CB43A /* RhoProfiler.h */,
			);
			name = statistic;
			sourceTree = "<group>";
		};
		5C7162600F8B7DEE0096B6AA /* common */ = {
			isa = PBXGroup;
			children = (
				5CA2DE8E11B01EF000B868D5 /* ThreadQueue.cpp */,
				5CA2DE8F11B01EF000B868D5 /* ThreadQueue.h */,
				5CCD7EBA116CE2D5005E6CA3 /* AppMenu.cpp */,
				5CCD7EBB116CE2D5005E6CA3 /* AppMenu.h */,
				BDD11ECB113664E700349BE3 /* rhoparams.c */,
				BDD11ECC113664E700349BE3 /* rhoparams.h */,
				BD2C950610AE0D4B008D4692 /* PosixThreadImpl.cpp */,
				BD2C950710AE0D4B008D4692 /* PosixThreadImpl.h */,
				5C6855E610A02EAA008DA047 /* RhodesApp.cpp */,
				5C6855E710A02EAA008DA047 /* RhodesApp.h */,
				5C7405901064AF1600163569 /* Tokenizer.cpp */,
				5C7405911064AF1600163569 /* Tokenizer.h */,
				5CE294111009D8D9009A75F6 /* isysteminfo.h */,
				5C5335500FC2977600F268F0 /* IRhoThreadImpl.h */,
				5C5335510FC2977600F268F0 /* RhoThread.cpp */,
				5C5335520FC2977600F268F0 /* RhoThread.h */,
				5C9817490FBC4FCE002597A5 /* AutoPointer.h */,
				5C98174A0FBC4FCE002597A5 /* InputStream.h */,
				5C98174B0FBC4FCE002597A5 /* irhoclassfactory.h */,
				5C6B448A0F946589003CB43A /* RhoConf.cpp */,
				5C6B448B0F946589003CB43A /* RhoConf.h */,
				5C7162640F8B7E170096B6AA /* RhoDefs.h */,
				5C7162650F8B7E170096B6AA /* RhoFatalError.h */,
				5C7162660F8B7E170096B6AA /* RhoFile.cpp */,
				5C7162670F8B7E170096B6AA /* RhoFile.h */,
				5C7162680F8B7E170096B6AA /* RhoFilePath.h */,
				5C7162690F8B7E170096B6AA /* RhoMutexLock.h */,
				5C71626A0F8B7E170096B6AA /* RhoPort.h */,
				5C71626B0F8B7E170096B6AA /* RhoStd.h */,
				5C71626C0F8B7E170096B6AA /* RhoSystem.h */,
				5C71626D0F8B7E170096B6AA /* RhoTime.h */,
				BD8DF8861147C8090041A968 /* SplashScreen.cpp */,
				BD8DF8871147C8090041A968 /* SplashScreen.h */,
				5C71626E0F8B7E170096B6AA /* StringConverter.h */,
			);
			name = common;
			sourceTree = "<group>";
		};
		5C7162630F8B7DF40096B6AA /* logging */ = {
			isa = PBXGroup;
			children = (
				5C71627A0F8B7E330096B6AA /* RhoLog.cpp */,
				5C71627B0F8B7E330096B6AA /* RhoLog.h */,
				5C71627C0F8B7E330096B6AA /* RhoLogCat.h */,
				5C71627D0F8B7E330096B6AA /* RhoLogConf.cpp */,
				5C71627E0F8B7E330096B6AA /* RhoLogConf.h */,
				5C71627F0F8B7E330096B6AA /* RhoLogSink.cpp */,
				5C7162800F8B7E330096B6AA /* RhoLogSink.h */,
				5C7162810F8B7E330096B6AA /* RhoPlainLog.cpp */,
			);
			name = logging;
			sourceTree = "<group>";
		};
		5C798931113BD10C005F8736 /* rubyext */ = {
			isa = PBXGroup;
			children = (
				5C2F10B9116146930054AC80 /* RhoRuby.cpp */,
				5C2F10BA116146930054AC80 /* RhoRuby.h */,
				5CECDBB2113FE3620084A75B /* System.cpp */,
				5C798932113BD148005F8736 /* GeoLocation.cpp */,
				5C798933113BD148005F8736 /* GeoLocation.h */,
			);
			name = rubyext;
			sourceTree = "<group>";
		};
		5CBD46251087397B00107D0D /* net */ = {
			isa = PBXGroup;
			children = (
				BDFCB13B112EE2B500AE3724 /* ssl.cpp */,
				BDFCB13C112EE2B500AE3724 /* ssl.h */,
				5C8EE85A11220E9E0005C20D /* AsyncHttp.cpp */,
				5C8EE85B11220E9E0005C20D /* AsyncHttp.h */,
				BD4FC54910BFE4D100D280D0 /* HttpServer.cpp */,
				BD4FC54A10BFE4D100D280D0 /* HttpServer.h */,
				BD2CEFCB10ADF10D002356D9 /* CURLNetRequest.cpp */,
				BD2CEFCC10ADF10D002356D9 /* CURLNetRequest.h */,
				BD2CEFCD10ADF10D002356D9 /* INetRequest.h */,
				5CBD46271087399700107D0D /* URI.cpp */,
				5CBD46281087399700107D0D /* URI.h */,
			);
			name = net;
			sourceTree = "<group>";
		};
		C6A0FF2B0290797F04C91782 /* Documentation */ = {
			isa = PBXGroup;
			children = (
			);
			name = Documentation;
			sourceTree = "<group>";
		};
/* End PBXGroup section */

/* Begin PBXHeadersBuildPhase section */
		D2AAC043055464E500DB518D /* Headers */ = {
			isa = PBXHeadersBuildPhase;
			buildActionMask = 2147483647;
			files = (
				5C71626F0F8B7E170096B6AA /* RhoDefs.h in Headers */,
				5C7162700F8B7E170096B6AA /* RhoFatalError.h in Headers */,
				5C7162720F8B7E170096B6AA /* RhoFile.h in Headers */,
				5C7162730F8B7E170096B6AA /* RhoFilePath.h in Headers */,
				5C7162740F8B7E170096B6AA /* RhoMutexLock.h in Headers */,
				5C7162750F8B7E170096B6AA /* RhoPort.h in Headers */,
				5C7162760F8B7E170096B6AA /* RhoStd.h in Headers */,
				5C7162770F8B7E170096B6AA /* RhoSystem.h in Headers */,
				5C7162780F8B7E170096B6AA /* RhoTime.h in Headers */,
				5C7162790F8B7E170096B6AA /* StringConverter.h in Headers */,
				5C7162840F8B7E330096B6AA /* RhoLog.h in Headers */,
				5C7162850F8B7E330096B6AA /* RhoLogCat.h in Headers */,
				5C7162870F8B7E330096B6AA /* RhoLogConf.h in Headers */,
				5C7162890F8B7E330096B6AA /* RhoLogSink.h in Headers */,
				5C6B448D0F946589003CB43A /* RhoConf.h in Headers */,
				5C6B452D0F9468E2003CB43A /* RhoProfiler.h in Headers */,
				5C98174C0FBC4FCE002597A5 /* AutoPointer.h in Headers */,
				5C98174D0FBC4FCE002597A5 /* InputStream.h in Headers */,
				5C98174E0FBC4FCE002597A5 /* irhoclassfactory.h in Headers */,
				5C5335530FC2977600F268F0 /* IRhoThreadImpl.h in Headers */,
				5C5335550FC2977600F268F0 /* RhoThread.h in Headers */,
				5CE294121009D8D9009A75F6 /* isysteminfo.h in Headers */,
				5C7405931064AF1600163569 /* Tokenizer.h in Headers */,
				5CBD462B1087399700107D0D /* URI.h in Headers */,
				5C6855EA10A02EAA008DA047 /* RhodesApp.h in Headers */,
				BD2CEFCF10ADF10D002356D9 /* CURLNetRequest.h in Headers */,
				BD2CEFD010ADF10D002356D9 /* INetRequest.h in Headers */,
				BD2C950910AE0D4B008D4692 /* PosixThreadImpl.h in Headers */,
				BD4FC54C10BFE4D100D280D0 /* HttpServer.h in Headers */,
				5C8EE85D11220E9E0005C20D /* AsyncHttp.h in Headers */,
				BDFCB13E112EE2B500AE3724 /* ssl.h in Headers */,
				BDD11ECE113664E700349BE3 /* rhoparams.h in Headers */,
				5C798935113BD148005F8736 /* GeoLocation.h in Headers */,
				BD8DF8891147C8090041A968 /* SplashScreen.h in Headers */,
				5C59BF4E115B4BC300E96ADE /* unzip.h in Headers */,
				5C2F10BC116146930054AC80 /* RhoRuby.h in Headers */,
				5CCD7EBD116CE2D5005E6CA3 /* AppMenu.h in Headers */,
				5CA2DE9111B01EF000B868D5 /* ThreadQueue.h in Headers */,
			);
			runOnlyForDeploymentPostprocessing = 0;
		};
/* End PBXHeadersBuildPhase section */

/* Begin PBXNativeTarget section */
		D2AAC045055464E500DB518D /* RhoLib */ = {
			isa = PBXNativeTarget;
			buildConfigurationList = 1DEB91EB08733DB70010E9CD /* Build configuration list for PBXNativeTarget "RhoLib" */;
			buildPhases = (
				D2AAC043055464E500DB518D /* Headers */,
				D2AAC044055464E500DB518D /* Sources */,
				D289987405E68DCB004EDB86 /* Frameworks */,
			);
			buildRules = (
			);
			dependencies = (
			);
			name = RhoLib;
			productName = RhoLib;
			productReference = D2AAC046055464E500DB518D /* librholib.a */;
			productType = "com.apple.product-type.library.static";
		};
/* End PBXNativeTarget section */

/* Begin PBXProject section */
		08FB7793FE84155DC02AAC07 /* Project object */ = {
			isa = PBXProject;
			buildConfigurationList = 1DEB91EF08733DB70010E9CD /* Build configuration list for PBXProject "RhoLib" */;
			compatibilityVersion = "Xcode 3.1";
			hasScannedForEncodings = 1;
			mainGroup = 08FB7794FE84155DC02AAC07 /* RhoLib */;
			projectDirPath = "";
			projectRoot = "";
			targets = (
				D2AAC045055464E500DB518D /* RhoLib */,
			);
		};
/* End PBXProject section */

/* Begin PBXSourcesBuildPhase section */
		D2AAC044055464E500DB518D /* Sources */ = {
			isa = PBXSourcesBuildPhase;
			buildActionMask = 2147483647;
			files = (
				5C7162710F8B7E170096B6AA /* RhoFile.cpp in Sources */,
				5C7162830F8B7E330096B6AA /* RhoLog.cpp in Sources */,
				5C7162860F8B7E330096B6AA /* RhoLogConf.cpp in Sources */,
				5C7162880F8B7E330096B6AA /* RhoLogSink.cpp in Sources */,
				5C71628A0F8B7E330096B6AA /* RhoPlainLog.cpp in Sources */,
				5C6B448C0F946589003CB43A /* RhoConf.cpp in Sources */,
				5C6B452C0F9468E2003CB43A /* RhoProfiler.cpp in Sources */,
				5C5335540FC2977600F268F0 /* RhoThread.cpp in Sources */,
				5C7405921064AF1600163569 /* Tokenizer.cpp in Sources */,
				5CBD462A1087399700107D0D /* URI.cpp in Sources */,
				5C6855E910A02EAA008DA047 /* RhodesApp.cpp in Sources */,
				BD2CEFCE10ADF10D002356D9 /* CURLNetRequest.cpp in Sources */,
				BD2C950810AE0D4B008D4692 /* PosixThreadImpl.cpp in Sources */,
				BD4FC54B10BFE4D100D280D0 /* HttpServer.cpp in Sources */,
				5C8EE85C11220E9E0005C20D /* AsyncHttp.cpp in Sources */,
				BDFCB13D112EE2B500AE3724 /* ssl.cpp in Sources */,
				BDD11ECD113664E700349BE3 /* rhoparams.c in Sources */,
				5C798934113BD148005F8736 /* GeoLocation.cpp in Sources */,
				5CECDBB3113FE3620084A75B /* System.cpp in Sources */,
				BD8DF8881147C8090041A968 /* SplashScreen.cpp in Sources */,
				5C59BF4D115B4BC300E96ADE /* unzip.cpp in Sources */,
				5C2F10BB116146930054AC80 /* RhoRuby.cpp in Sources */,
				5CCD7EBC116CE2D5005E6CA3 /* AppMenu.cpp in Sources */,
				5CA2DE9011B01EF000B868D5 /* ThreadQueue.cpp in Sources */,
			);
			runOnlyForDeploymentPostprocessing = 0;
		};
/* End PBXSourcesBuildPhase section */

/* Begin XCBuildConfiguration section */
		1DEB91EC08733DB70010E9CD /* Debug */ = {
			isa = XCBuildConfiguration;
			buildSettings = {
				ALWAYS_SEARCH_USER_PATHS = NO;
				COPY_PHASE_STRIP = NO;
				GCC_DYNAMIC_NO_PIC = NO;
				GCC_ENABLE_FIX_AND_CONTINUE = YES;
				GCC_MODEL_TUNING = G5;
				GCC_OPTIMIZATION_LEVEL = 0;
				INSTALL_PATH = /usr/local/lib;
				ONLY_ACTIVE_ARCH = YES;
				OTHER_CFLAGS = "";
				OTHER_CPLUSPLUSFLAGS = (
					"$(OTHER_CFLAGS)",
					"-fvisibility=hidden",
				);
				PRODUCT_NAME = rholib;
				SDKROOT = iphonesimulator2.2.1;
				SYMROOT = ../build;
				USER_HEADER_SEARCH_PATHS = "../../shared/curl/include ../../shared";
			};
			name = Debug;
		};
		1DEB91ED08733DB70010E9CD /* Release */ = {
			isa = XCBuildConfiguration;
			buildSettings = {
				ALWAYS_SEARCH_USER_PATHS = NO;
				DEBUG_INFORMATION_FORMAT = "dwarf-with-dsym";
				GCC_MODEL_TUNING = G5;
				INSTALL_PATH = /usr/local/lib;
				ONLY_ACTIVE_ARCH = YES;
				OTHER_CFLAGS = "";
				OTHER_CPLUSPLUSFLAGS = (
					"$(OTHER_CFLAGS)",
					"-fvisibility=hidden",
				);
				PRODUCT_NAME = rholib;
				SDKROOT = iphoneos2.2.1;
				SYMROOT = ../build;
				USER_HEADER_SEARCH_PATHS = "../../shared/curl/include ../../shared";
			};
			name = Release;
		};
		1DEB91F008733DB70010E9CD /* Debug */ = {
			isa = XCBuildConfiguration;
			buildSettings = {
				ARCHS = "$(ARCHS_STANDARD_32_BIT)";
				GCC_C_LANGUAGE_STANDARD = c99;
				GCC_OPTIMIZATION_LEVEL = 0;
				GCC_WARN_ABOUT_RETURN_TYPE = YES;
				GCC_WARN_UNUSED_VARIABLE = YES;
				HEADER_SEARCH_PATHS = ../../shared;
				ONLY_ACTIVE_ARCH = YES;
				PREBINDING = NO;
				SDKROOT = iphonesimulator3.0;
			};
			name = Debug;
		};
		1DEB91F108733DB70010E9CD /* Release */ = {
			isa = XCBuildConfiguration;
			buildSettings = {
				ARCHS = "$(ARCHS_STANDARD_32_BIT)";
				GCC_C_LANGUAGE_STANDARD = c99;
				GCC_WARN_ABOUT_RETURN_TYPE = YES;
				GCC_WARN_UNUSED_VARIABLE = YES;
				HEADER_SEARCH_PATHS = ../../shared;
				PREBINDING = NO;
				SDKROOT = macosx10.5;
			};
			name = Release;
		};
		46B0042B10332DC400D0C2F4 /* Distribution */ = {
			isa = XCBuildConfiguration;
			buildSettings = {
				ARCHS = "$(ARCHS_STANDARD_32_BIT)";
				GCC_C_LANGUAGE_STANDARD = c99;
				GCC_WARN_ABOUT_RETURN_TYPE = YES;
				GCC_WARN_UNUSED_VARIABLE = YES;
				HEADER_SEARCH_PATHS = ../../shared;
				PREBINDING = NO;
				SDKROOT = macosx10.5;
			};
			name = Distribution;
		};
		46B0042C10332DC400D0C2F4 /* Distribution */ = {
			isa = XCBuildConfiguration;
			buildSettings = {
				ALWAYS_SEARCH_USER_PATHS = NO;
				DEBUG_INFORMATION_FORMAT = "dwarf-with-dsym";
				GCC_MODEL_TUNING = G5;
				INSTALL_PATH = /usr/local/lib;
				ONLY_ACTIVE_ARCH = YES;
				OTHER_CFLAGS = "";
				OTHER_CPLUSPLUSFLAGS = (
					"$(OTHER_CFLAGS)",
					"-fvisibility=hidden",
				);
				PRODUCT_NAME = rholib;
				SDKROOT = iphoneos2.2.1;
				SYMROOT = ../build;
				USER_HEADER_SEARCH_PATHS = "../../shared/curl/include ../../shared";
			};
			name = Distribution;
		};
/* End XCBuildConfiguration section */

/* Begin XCConfigurationList section */
		1DEB91EB08733DB70010E9CD /* Build configuration list for PBXNativeTarget "RhoLib" */ = {
			isa = XCConfigurationList;
			buildConfigurations = (
				1DEB91EC08733DB70010E9CD /* Debug */,
				1DEB91ED08733DB70010E9CD /* Release */,
				46B0042C10332DC400D0C2F4 /* Distribution */,
			);
			defaultConfigurationIsVisible = 0;
			defaultConfigurationName = Release;
		};
		1DEB91EF08733DB70010E9CD /* Build configuration list for PBXProject "RhoLib" */ = {
			isa = XCConfigurationList;
			buildConfigurations = (
				1DEB91F008733DB70010E9CD /* Debug */,
				1DEB91F108733DB70010E9CD /* Release */,
				46B0042B10332DC400D0C2F4 /* Distribution */,
			);
			defaultConfigurationIsVisible = 0;
			defaultConfigurationName = Release;
		};
/* End XCConfigurationList section */
	};
	rootObject = 08FB7793FE84155DC02AAC07 /* Project object */;
}
